// !$*UTF8*$!
{
	archiveVersion = 1;
	classes = {
	};
	objectVersion = 52;
	objects = {

/* Begin PBXBuildFile section */
		78B4B3CA20D242660058F57E /* VideoViewController.swift in Sources */ = {isa = PBXBuildFile; fileRef = 78B4B3C920D242660058F57E /* VideoViewController.swift */; };
		78BCD2CB20D7F646003D2A58 /* Run.swift in Sources */ = {isa = PBXBuildFile; fileRef = 78BCD2CA20D7F646003D2A58 /* Run.swift */; };
		78DC79B820CE63AC0034CAAB /* AppDelegate.swift in Sources */ = {isa = PBXBuildFile; fileRef = 78DC79B720CE63AC0034CAAB /* AppDelegate.swift */; };
		78DC79BA20CE63AC0034CAAB /* WelcomeViewController.swift in Sources */ = {isa = PBXBuildFile; fileRef = 78DC79B920CE63AC0034CAAB /* WelcomeViewController.swift */; };
		78DC79BD20CE63AC0034CAAB /* Main.storyboard in Resources */ = {isa = PBXBuildFile; fileRef = 78DC79BB20CE63AC0034CAAB /* Main.storyboard */; };
		78DC79BF20CE63AE0034CAAB /* Assets.xcassets in Resources */ = {isa = PBXBuildFile; fileRef = 78DC79BE20CE63AE0034CAAB /* Assets.xcassets */; };
		78DC79C220CE63AE0034CAAB /* LaunchScreen.storyboard in Resources */ = {isa = PBXBuildFile; fileRef = 78DC79C020CE63AE0034CAAB /* LaunchScreen.storyboard */; };
		78DC79CB20CE8C420034CAAB /* AlertHelper.swift in Sources */ = {isa = PBXBuildFile; fileRef = 78DC79CA20CE8C420034CAAB /* AlertHelper.swift */; };
		78DC79D020CE8D6B0034CAAB /* UIApplication.swift in Sources */ = {isa = PBXBuildFile; fileRef = 78DC79CF20CE8D6B0034CAAB /* UIApplication.swift */; };
		78DC79D220D12C030034CAAB /* SwiftyUserDefaults.swift in Sources */ = {isa = PBXBuildFile; fileRef = 78DC79D120D12C030034CAAB /* SwiftyUserDefaults.swift */; };
		78DC79D420D12DA20034CAAB /* Defaults.swift in Sources */ = {isa = PBXBuildFile; fileRef = 78DC79D320D12DA20034CAAB /* Defaults.swift */; };
		918074226A0CBB28B2AE32CB /* Pods_AntMediaWebRTCSDK_ScreenShare.framework in Frameworks */ = {isa = PBXBuildFile; fileRef = 01B20A091BCFB704E4F65883 /* Pods_AntMediaWebRTCSDK_ScreenShare.framework */; };
		A81A459D275CECD6000EF59F /* WebRTC.xcframework in Frameworks */ = {isa = PBXBuildFile; fileRef = A82129F525ACC65E005F8E6C /* WebRTC.xcframework */; };
		A81A459E275CECD6000EF59F /* WebRTC.xcframework in Embed Frameworks */ = {isa = PBXBuildFile; fileRef = A82129F525ACC65E005F8E6C /* WebRTC.xcframework */; settings = {ATTRIBUTES = (CodeSignOnCopy, RemoveHeadersOnCopy, ); }; };
		A859E73C24E4238400494836 /* ConferenceClient.swift in Sources */ = {isa = PBXBuildFile; fileRef = A859E73B24E4238400494836 /* ConferenceClient.swift */; };
		A859E73E24E55BB300494836 /* ConferenceViewController.swift in Sources */ = {isa = PBXBuildFile; fileRef = A859E73D24E55BB300494836 /* ConferenceViewController.swift */; };
		A8747A4024DEB76900E765A1 /* AntMediaClientProtocol.swift in Sources */ = {isa = PBXBuildFile; fileRef = A8747A3F24DEB76900E765A1 /* AntMediaClientProtocol.swift */; };
		A89C908C24DDAF8C005F5D98 /* AntMediaClient.swift in Sources */ = {isa = PBXBuildFile; fileRef = A8C4659D248B98700027ADBA /* AntMediaClient.swift */; };
		A89C908D24DDAF8C005F5D98 /* AntMediaClientDelegate.swift in Sources */ = {isa = PBXBuildFile; fileRef = A8C4659E248B98700027ADBA /* AntMediaClientDelegate.swift */; };
		A89C908E24DDAF8C005F5D98 /* AntMediaError.swift in Sources */ = {isa = PBXBuildFile; fileRef = A8C4659F248B98700027ADBA /* AntMediaError.swift */; };
		A89C908F24DDAF8C005F5D98 /* Dictionary.swift in Sources */ = {isa = PBXBuildFile; fileRef = A8C465D8248BA2540027ADBA /* Dictionary.swift */; };
		A89C909024DDAF8C005F5D98 /* String.swift in Sources */ = {isa = PBXBuildFile; fileRef = A8C465D7248BA2540027ADBA /* String.swift */; };
		A89C909124DDAF8C005F5D98 /* Config.swift in Sources */ = {isa = PBXBuildFile; fileRef = A8C465A8248B9A420027ADBA /* Config.swift */; };
		A89C909224DDAF8C005F5D98 /* WebRTCClientDelegate.swift in Sources */ = {isa = PBXBuildFile; fileRef = A8C465A6248B99EB0027ADBA /* WebRTCClientDelegate.swift */; };
		A89C909324DDAF8C005F5D98 /* WebRTCClient.swift in Sources */ = {isa = PBXBuildFile; fileRef = A8C465A4248B99E30027ADBA /* WebRTCClient.swift */; };
		A8A8CC8428251979000A335A /* ReplayKit.framework in Frameworks */ = {isa = PBXBuildFile; fileRef = A8A8CC52281D40BD000A335A /* ReplayKit.framework */; };
		A8A8CC8728251979000A335A /* SampleHandler.swift in Sources */ = {isa = PBXBuildFile; fileRef = A8A8CC8628251979000A335A /* SampleHandler.swift */; };
		A8A8CC8B28251979000A335A /* ScreenShare.appex in Embed App Extensions */ = {isa = PBXBuildFile; fileRef = A8A8CC8328251979000A335A /* ScreenShare.appex */; settings = {ATTRIBUTES = (RemoveHeadersOnCopy, ); }; };
		A8B7CF0D282928AE0070C358 /* WebRTC.xcframework in Frameworks */ = {isa = PBXBuildFile; fileRef = A82129F525ACC65E005F8E6C /* WebRTC.xcframework */; };
		A8B7CF0E282928AE0070C358 /* WebRTC.xcframework in Embed Frameworks */ = {isa = PBXBuildFile; fileRef = A82129F525ACC65E005F8E6C /* WebRTC.xcframework */; settings = {ATTRIBUTES = (CodeSignOnCopy, RemoveHeadersOnCopy, ); }; };
		A8B7CF1E282BF5850070C358 /* WebRTCiOSSDK.xcframework in Frameworks */ = {isa = PBXBuildFile; fileRef = A8DD7062276B1E7D007C2F4D /* WebRTCiOSSDK.xcframework */; };
		A8B7CF1F282BF5850070C358 /* WebRTCiOSSDK.xcframework in Embed Frameworks */ = {isa = PBXBuildFile; fileRef = A8DD7062276B1E7D007C2F4D /* WebRTCiOSSDK.xcframework */; settings = {ATTRIBUTES = (CodeSignOnCopy, RemoveHeadersOnCopy, ); }; };
		A8B7CF21282E98290070C358 /* RTCCustomFrameCapturer.swift in Sources */ = {isa = PBXBuildFile; fileRef = A8DAF6442520D64200560875 /* RTCCustomFrameCapturer.swift */; };
		A8C465C1248B9AA10027ADBA /* WebRTCiOSSDK.h in Headers */ = {isa = PBXBuildFile; fileRef = A8C465B1248B9AA00027ADBA /* WebRTCiOSSDK.h */; settings = {ATTRIBUTES = (Public, ); }; };
		A8DD7074276C878E007C2F4D /* (null) in Frameworks */ = {isa = PBXBuildFile; };
		A8DD7076276C87CD007C2F4D /* Pods_AntMediaWebRTCSDK_WebRTCiOSSDK.framework in Frameworks */ = {isa = PBXBuildFile; fileRef = 2CD2091500B3DBE5FA014C05 /* Pods_AntMediaWebRTCSDK_WebRTCiOSSDK.framework */; };
		A8DD7079276C880B007C2F4D /* WebRTC.xcframework in Frameworks */ = {isa = PBXBuildFile; fileRef = A82129F525ACC65E005F8E6C /* WebRTC.xcframework */; };
		A8DD707F276C907F007C2F4D /* WebRTCiOSSDK.xcframework in Frameworks */ = {isa = PBXBuildFile; fileRef = A8DD7062276B1E7D007C2F4D /* WebRTCiOSSDK.xcframework */; };
		A8DD7080276C907F007C2F4D /* WebRTCiOSSDK.xcframework in Embed Frameworks */ = {isa = PBXBuildFile; fileRef = A8DD7062276B1E7D007C2F4D /* WebRTCiOSSDK.xcframework */; settings = {ATTRIBUTES = (CodeSignOnCopy, RemoveHeadersOnCopy, ); }; };
/* End PBXBuildFile section */

/* Begin PBXContainerItemProxy section */
		A8A8CC8928251979000A335A /* PBXContainerItemProxy */ = {
			isa = PBXContainerItemProxy;
			containerPortal = 78DC79AC20CE63AC0034CAAB /* Project object */;
			proxyType = 1;
			remoteGlobalIDString = A8A8CC8228251979000A335A;
			remoteInfo = ScreenShare;
		};
/* End PBXContainerItemProxy section */

/* Begin PBXCopyFilesBuildPhase section */
		7819AA6720DA2D07007D6292 /* Embed Frameworks */ = {
			isa = PBXCopyFilesBuildPhase;
			buildActionMask = 2147483647;
			dstPath = "";
			dstSubfolderSpec = 10;
			files = (
				A81A459E275CECD6000EF59F /* WebRTC.xcframework in Embed Frameworks */,
				A8DD7080276C907F007C2F4D /* WebRTCiOSSDK.xcframework in Embed Frameworks */,
			);
			name = "Embed Frameworks";
			runOnlyForDeploymentPostprocessing = 0;
		};
		A8A8CC5E281D40BD000A335A /* Embed App Extensions */ = {
			isa = PBXCopyFilesBuildPhase;
			buildActionMask = 2147483647;
			dstPath = "";
			dstSubfolderSpec = 13;
			files = (
				A8A8CC8B28251979000A335A /* ScreenShare.appex in Embed App Extensions */,
			);
			name = "Embed App Extensions";
			runOnlyForDeploymentPostprocessing = 0;
		};
		A8B7CF0F282928AE0070C358 /* Embed Frameworks */ = {
			isa = PBXCopyFilesBuildPhase;
			buildActionMask = 2147483647;
			dstPath = "";
			dstSubfolderSpec = 10;
			files = (
				A8B7CF0E282928AE0070C358 /* WebRTC.xcframework in Embed Frameworks */,
				A8B7CF1F282BF5850070C358 /* WebRTCiOSSDK.xcframework in Embed Frameworks */,
			);
			name = "Embed Frameworks";
			runOnlyForDeploymentPostprocessing = 0;
		};
/* End PBXCopyFilesBuildPhase section */

/* Begin PBXFileReference section */
		01B20A091BCFB704E4F65883 /* Pods_AntMediaWebRTCSDK_ScreenShare.framework */ = {isa = PBXFileReference; explicitFileType = wrapper.framework; includeInIndex = 0; path = Pods_AntMediaWebRTCSDK_ScreenShare.framework; sourceTree = BUILT_PRODUCTS_DIR; };
		0BE5613638B72D3653D957A4 /* Pods-AntMediaWebRTCSDK-WebRTCiOSSDK.release.xcconfig */ = {isa = PBXFileReference; includeInIndex = 1; lastKnownFileType = text.xcconfig; name = "Pods-AntMediaWebRTCSDK-WebRTCiOSSDK.release.xcconfig"; path = "Pods/Target Support Files/Pods-AntMediaWebRTCSDK-WebRTCiOSSDK/Pods-AntMediaWebRTCSDK-WebRTCiOSSDK.release.xcconfig"; sourceTree = "<group>"; };
		16803ED5EB02319DEBAEEA58 /* Pods-AntMediaWebRTCSDK-ScreenShare.debug.xcconfig */ = {isa = PBXFileReference; includeInIndex = 1; lastKnownFileType = text.xcconfig; name = "Pods-AntMediaWebRTCSDK-ScreenShare.debug.xcconfig"; path = "Pods/Target Support Files/Pods-AntMediaWebRTCSDK-ScreenShare/Pods-AntMediaWebRTCSDK-ScreenShare.debug.xcconfig"; sourceTree = "<group>"; };
		2CD2091500B3DBE5FA014C05 /* Pods_AntMediaWebRTCSDK_WebRTCiOSSDK.framework */ = {isa = PBXFileReference; explicitFileType = wrapper.framework; includeInIndex = 0; path = Pods_AntMediaWebRTCSDK_WebRTCiOSSDK.framework; sourceTree = BUILT_PRODUCTS_DIR; };
		62EB92D1E19240951AEBD4BA /* Pods-AntMediaReferenceApplication.debug.xcconfig */ = {isa = PBXFileReference; includeInIndex = 1; lastKnownFileType = text.xcconfig; name = "Pods-AntMediaReferenceApplication.debug.xcconfig"; path = "Pods/Target Support Files/Pods-AntMediaReferenceApplication/Pods-AntMediaReferenceApplication.debug.xcconfig"; sourceTree = "<group>"; };
		7819AA5F20DA2CFD007D6292 /* AntMediaSDK.framework */ = {isa = PBXFileReference; lastKnownFileType = wrapper.framework; path = AntMediaSDK.framework; sourceTree = "<group>"; };
		7819AA6820DA30FC007D6292 /* VideoToolbox.framework */ = {isa = PBXFileReference; lastKnownFileType = wrapper.framework; name = VideoToolbox.framework; path = System/Library/Frameworks/VideoToolbox.framework; sourceTree = SDKROOT; };
		7819AA6A20DA313A007D6292 /* AudioToolbox.framework */ = {isa = PBXFileReference; lastKnownFileType = wrapper.framework; name = AudioToolbox.framework; path = System/Library/Frameworks/AudioToolbox.framework; sourceTree = SDKROOT; };
		7819AA6C20DA313F007D6292 /* CoreGraphics.framework */ = {isa = PBXFileReference; lastKnownFileType = wrapper.framework; name = CoreGraphics.framework; path = System/Library/Frameworks/CoreGraphics.framework; sourceTree = SDKROOT; };
		7819AA6E20DA3145007D6292 /* CoreImage.framework */ = {isa = PBXFileReference; lastKnownFileType = wrapper.framework; name = CoreImage.framework; path = System/Library/Frameworks/CoreImage.framework; sourceTree = SDKROOT; };
		7819AA7020DA314D007D6292 /* CoreMedia.framework */ = {isa = PBXFileReference; lastKnownFileType = wrapper.framework; name = CoreMedia.framework; path = System/Library/Frameworks/CoreMedia.framework; sourceTree = SDKROOT; };
		7819AA7220DA3158007D6292 /* CoreVideo.framework */ = {isa = PBXFileReference; lastKnownFileType = wrapper.framework; name = CoreVideo.framework; path = System/Library/Frameworks/CoreVideo.framework; sourceTree = SDKROOT; };
		7819AA7420DA315D007D6292 /* GLKit.framework */ = {isa = PBXFileReference; lastKnownFileType = wrapper.framework; name = GLKit.framework; path = System/Library/Frameworks/GLKit.framework; sourceTree = SDKROOT; };
		7819AA7620DA3164007D6292 /* AVFoundation.framework */ = {isa = PBXFileReference; lastKnownFileType = wrapper.framework; name = AVFoundation.framework; path = System/Library/Frameworks/AVFoundation.framework; sourceTree = SDKROOT; };
		7819AA7820DA3169007D6292 /* libicucore.tbd */ = {isa = PBXFileReference; lastKnownFileType = "sourcecode.text-based-dylib-definition"; name = libicucore.tbd; path = usr/lib/libicucore.tbd; sourceTree = SDKROOT; };
		7819AA7A20DA3170007D6292 /* libsqlite3.0.tbd */ = {isa = PBXFileReference; lastKnownFileType = "sourcecode.text-based-dylib-definition"; name = libsqlite3.0.tbd; path = usr/lib/libsqlite3.0.tbd; sourceTree = SDKROOT; };
		7819AA7C20DA3178007D6292 /* libc++.tbd */ = {isa = PBXFileReference; lastKnownFileType = "sourcecode.text-based-dylib-definition"; name = "libc++.tbd"; path = "usr/lib/libc++.tbd"; sourceTree = SDKROOT; };
		78B4B3C920D242660058F57E /* VideoViewController.swift */ = {isa = PBXFileReference; lastKnownFileType = sourcecode.swift; path = VideoViewController.swift; sourceTree = "<group>"; };
		78BCD2CA20D7F646003D2A58 /* Run.swift */ = {isa = PBXFileReference; lastKnownFileType = sourcecode.swift; path = Run.swift; sourceTree = "<group>"; };
		78DC79B420CE63AC0034CAAB /* Ant Media.app */ = {isa = PBXFileReference; explicitFileType = wrapper.application; includeInIndex = 0; path = "Ant Media.app"; sourceTree = BUILT_PRODUCTS_DIR; };
		78DC79B720CE63AC0034CAAB /* AppDelegate.swift */ = {isa = PBXFileReference; lastKnownFileType = sourcecode.swift; path = AppDelegate.swift; sourceTree = "<group>"; };
		78DC79B920CE63AC0034CAAB /* WelcomeViewController.swift */ = {isa = PBXFileReference; lastKnownFileType = sourcecode.swift; path = WelcomeViewController.swift; sourceTree = "<group>"; };
		78DC79BC20CE63AC0034CAAB /* Base */ = {isa = PBXFileReference; lastKnownFileType = file.storyboard; name = Base; path = Base.lproj/Main.storyboard; sourceTree = "<group>"; };
		78DC79BE20CE63AE0034CAAB /* Assets.xcassets */ = {isa = PBXFileReference; lastKnownFileType = folder.assetcatalog; path = Assets.xcassets; sourceTree = "<group>"; };
		78DC79C120CE63AE0034CAAB /* Base */ = {isa = PBXFileReference; lastKnownFileType = file.storyboard; name = Base; path = Base.lproj/LaunchScreen.storyboard; sourceTree = "<group>"; };
		78DC79C320CE63AE0034CAAB /* Info.plist */ = {isa = PBXFileReference; lastKnownFileType = text.plist.xml; path = Info.plist; sourceTree = "<group>"; };
		78DC79CA20CE8C420034CAAB /* AlertHelper.swift */ = {isa = PBXFileReference; lastKnownFileType = sourcecode.swift; path = AlertHelper.swift; sourceTree = "<group>"; };
		78DC79CF20CE8D6B0034CAAB /* UIApplication.swift */ = {isa = PBXFileReference; lastKnownFileType = sourcecode.swift; path = UIApplication.swift; sourceTree = "<group>"; };
		78DC79D120D12C030034CAAB /* SwiftyUserDefaults.swift */ = {isa = PBXFileReference; lastKnownFileType = sourcecode.swift; path = SwiftyUserDefaults.swift; sourceTree = "<group>"; };
		78DC79D320D12DA20034CAAB /* Defaults.swift */ = {isa = PBXFileReference; lastKnownFileType = sourcecode.swift; path = Defaults.swift; sourceTree = "<group>"; };
		9F18D764CE2419C8E0CB31A9 /* Pods-AntMediaReferenceApplication.release.xcconfig */ = {isa = PBXFileReference; includeInIndex = 1; lastKnownFileType = text.xcconfig; name = "Pods-AntMediaReferenceApplication.release.xcconfig"; path = "Pods/Target Support Files/Pods-AntMediaReferenceApplication/Pods-AntMediaReferenceApplication.release.xcconfig"; sourceTree = "<group>"; };
		A81A459F275CF32C000EF59F /* WebRTC.framework */ = {isa = PBXFileReference; lastKnownFileType = wrapper.framework; path = WebRTC.framework; sourceTree = "<group>"; };
		A82129F525ACC65E005F8E6C /* WebRTC.xcframework */ = {isa = PBXFileReference; lastKnownFileType = wrapper.xcframework; path = WebRTC.xcframework; sourceTree = "<group>"; };
		A859E73B24E4238400494836 /* ConferenceClient.swift */ = {isa = PBXFileReference; lastKnownFileType = sourcecode.swift; path = ConferenceClient.swift; sourceTree = "<group>"; };
		A859E73D24E55BB300494836 /* ConferenceViewController.swift */ = {isa = PBXFileReference; lastKnownFileType = sourcecode.swift; path = ConferenceViewController.swift; sourceTree = "<group>"; };
		A8747A3F24DEB76900E765A1 /* AntMediaClientProtocol.swift */ = {isa = PBXFileReference; lastKnownFileType = sourcecode.swift; path = AntMediaClientProtocol.swift; sourceTree = "<group>"; };
		A896EC0628251D120069F850 /* AntMediaReferenceApplication.entitlements */ = {isa = PBXFileReference; lastKnownFileType = text.plist.entitlements; path = AntMediaReferenceApplication.entitlements; sourceTree = "<group>"; };
		A896EC0728251D540069F850 /* ScreenShare.entitlements */ = {isa = PBXFileReference; lastKnownFileType = text.plist.entitlements; path = ScreenShare.entitlements; sourceTree = "<group>"; };
		A8A8CC52281D40BD000A335A /* ReplayKit.framework */ = {isa = PBXFileReference; lastKnownFileType = wrapper.framework; name = ReplayKit.framework; path = System/Library/Frameworks/ReplayKit.framework; sourceTree = SDKROOT; };
		A8A8CC8328251979000A335A /* ScreenShare.appex */ = {isa = PBXFileReference; explicitFileType = "wrapper.app-extension"; includeInIndex = 0; path = ScreenShare.appex; sourceTree = BUILT_PRODUCTS_DIR; };
		A8A8CC8628251979000A335A /* SampleHandler.swift */ = {isa = PBXFileReference; lastKnownFileType = sourcecode.swift; path = SampleHandler.swift; sourceTree = "<group>"; };
		A8A8CC8828251979000A335A /* Info.plist */ = {isa = PBXFileReference; lastKnownFileType = text.plist.xml; path = Info.plist; sourceTree = "<group>"; };
		A8C4659D248B98700027ADBA /* AntMediaClient.swift */ = {isa = PBXFileReference; fileEncoding = 4; lastKnownFileType = sourcecode.swift; path = AntMediaClient.swift; sourceTree = "<group>"; };
		A8C4659E248B98700027ADBA /* AntMediaClientDelegate.swift */ = {isa = PBXFileReference; fileEncoding = 4; lastKnownFileType = sourcecode.swift; path = AntMediaClientDelegate.swift; sourceTree = "<group>"; };
		A8C4659F248B98700027ADBA /* AntMediaError.swift */ = {isa = PBXFileReference; fileEncoding = 4; lastKnownFileType = sourcecode.swift; path = AntMediaError.swift; sourceTree = "<group>"; };
		A8C465A4248B99E30027ADBA /* WebRTCClient.swift */ = {isa = PBXFileReference; fileEncoding = 4; lastKnownFileType = sourcecode.swift; path = WebRTCClient.swift; sourceTree = "<group>"; };
		A8C465A6248B99EB0027ADBA /* WebRTCClientDelegate.swift */ = {isa = PBXFileReference; fileEncoding = 4; lastKnownFileType = sourcecode.swift; path = WebRTCClientDelegate.swift; sourceTree = "<group>"; };
		A8C465A8248B9A420027ADBA /* Config.swift */ = {isa = PBXFileReference; fileEncoding = 4; lastKnownFileType = sourcecode.swift; path = Config.swift; sourceTree = "<group>"; };
		A8C465AF248B9AA00027ADBA /* WebRTCiOSSDK.framework */ = {isa = PBXFileReference; explicitFileType = wrapper.framework; includeInIndex = 0; path = WebRTCiOSSDK.framework; sourceTree = BUILT_PRODUCTS_DIR; };
		A8C465B1248B9AA00027ADBA /* WebRTCiOSSDK.h */ = {isa = PBXFileReference; lastKnownFileType = sourcecode.c.h; path = WebRTCiOSSDK.h; sourceTree = "<group>"; };
		A8C465B2248B9AA00027ADBA /* Info.plist */ = {isa = PBXFileReference; lastKnownFileType = text.plist.xml; path = Info.plist; sourceTree = "<group>"; };
		A8C465D7248BA2540027ADBA /* String.swift */ = {isa = PBXFileReference; fileEncoding = 4; lastKnownFileType = sourcecode.swift; path = String.swift; sourceTree = "<group>"; };
		A8C465D8248BA2540027ADBA /* Dictionary.swift */ = {isa = PBXFileReference; fileEncoding = 4; lastKnownFileType = sourcecode.swift; path = Dictionary.swift; sourceTree = "<group>"; };
		A8C465DB248BA3CB0027ADBA /* Starscream.framework */ = {isa = PBXFileReference; explicitFileType = wrapper.framework; path = Starscream.framework; sourceTree = BUILT_PRODUCTS_DIR; };
		A8DAF6442520D64200560875 /* RTCCustomFrameCapturer.swift */ = {isa = PBXFileReference; lastKnownFileType = sourcecode.swift; path = RTCCustomFrameCapturer.swift; sourceTree = "<group>"; };
		A8DD7062276B1E7D007C2F4D /* WebRTCiOSSDK.xcframework */ = {isa = PBXFileReference; lastKnownFileType = wrapper.xcframework; path = WebRTCiOSSDK.xcframework; sourceTree = "<group>"; };
		ACA8C57C589E6A85E11CA83D /* Pods-AntMediaWebRTCSDK-ScreenShare.release.xcconfig */ = {isa = PBXFileReference; includeInIndex = 1; lastKnownFileType = text.xcconfig; name = "Pods-AntMediaWebRTCSDK-ScreenShare.release.xcconfig"; path = "Pods/Target Support Files/Pods-AntMediaWebRTCSDK-ScreenShare/Pods-AntMediaWebRTCSDK-ScreenShare.release.xcconfig"; sourceTree = "<group>"; };
		B9C79595D8958BD345F16A10 /* Pods-AntMediaWebRTCSDK-AntMediaReferenceApplication.release.xcconfig */ = {isa = PBXFileReference; includeInIndex = 1; lastKnownFileType = text.xcconfig; name = "Pods-AntMediaWebRTCSDK-AntMediaReferenceApplication.release.xcconfig"; path = "Pods/Target Support Files/Pods-AntMediaWebRTCSDK-AntMediaReferenceApplication/Pods-AntMediaWebRTCSDK-AntMediaReferenceApplication.release.xcconfig"; sourceTree = "<group>"; };
		BF58A7AF85A1E5A351DE3D1F /* Pods-AntMediaWebRTCSDK-WebRTCiOSSDK.debug.xcconfig */ = {isa = PBXFileReference; includeInIndex = 1; lastKnownFileType = text.xcconfig; name = "Pods-AntMediaWebRTCSDK-WebRTCiOSSDK.debug.xcconfig"; path = "Pods/Target Support Files/Pods-AntMediaWebRTCSDK-WebRTCiOSSDK/Pods-AntMediaWebRTCSDK-WebRTCiOSSDK.debug.xcconfig"; sourceTree = "<group>"; };
		CC60F64352D37D815D6BDC55 /* Pods-AntMediaWebRTCSDK-AntMediaReferenceApplication.debug.xcconfig */ = {isa = PBXFileReference; includeInIndex = 1; lastKnownFileType = text.xcconfig; name = "Pods-AntMediaWebRTCSDK-AntMediaReferenceApplication.debug.xcconfig"; path = "Pods/Target Support Files/Pods-AntMediaWebRTCSDK-AntMediaReferenceApplication/Pods-AntMediaWebRTCSDK-AntMediaReferenceApplication.debug.xcconfig"; sourceTree = "<group>"; };
/* End PBXFileReference section */

/* Begin PBXFrameworksBuildPhase section */
		78DC79B120CE63AC0034CAAB /* Frameworks */ = {
			isa = PBXFrameworksBuildPhase;
			buildActionMask = 2147483647;
			files = (
				A8DD7074276C878E007C2F4D /* (null) in Frameworks */,
				A81A459D275CECD6000EF59F /* WebRTC.xcframework in Frameworks */,
				A8DD707F276C907F007C2F4D /* WebRTCiOSSDK.xcframework in Frameworks */,
			);
			runOnlyForDeploymentPostprocessing = 0;
		};
		A8A8CC8028251979000A335A /* Frameworks */ = {
			isa = PBXFrameworksBuildPhase;
			buildActionMask = 2147483647;
			files = (
				A8B7CF0D282928AE0070C358 /* WebRTC.xcframework in Frameworks */,
				A8A8CC8428251979000A335A /* ReplayKit.framework in Frameworks */,
				918074226A0CBB28B2AE32CB /* Pods_AntMediaWebRTCSDK_ScreenShare.framework in Frameworks */,
				A8B7CF1E282BF5850070C358 /* WebRTCiOSSDK.xcframework in Frameworks */,
			);
			runOnlyForDeploymentPostprocessing = 0;
		};
		A8C465AC248B9AA00027ADBA /* Frameworks */ = {
			isa = PBXFrameworksBuildPhase;
			buildActionMask = 2147483647;
			files = (
				A8DD7079276C880B007C2F4D /* WebRTC.xcframework in Frameworks */,
				A8DD7076276C87CD007C2F4D /* Pods_AntMediaWebRTCSDK_WebRTCiOSSDK.framework in Frameworks */,
			);
			runOnlyForDeploymentPostprocessing = 0;
		};
/* End PBXFrameworksBuildPhase section */

/* Begin PBXGroup section */
		5656254C28A8684D300692C6 /* Frameworks */ = {
			isa = PBXGroup;
			children = (
				A8DD7062276B1E7D007C2F4D /* WebRTCiOSSDK.xcframework */,
				A81A459F275CF32C000EF59F /* WebRTC.framework */,
				A8C465DB248BA3CB0027ADBA /* Starscream.framework */,
				7819AA7C20DA3178007D6292 /* libc++.tbd */,
				7819AA7A20DA3170007D6292 /* libsqlite3.0.tbd */,
				7819AA7820DA3169007D6292 /* libicucore.tbd */,
				7819AA7620DA3164007D6292 /* AVFoundation.framework */,
				7819AA7420DA315D007D6292 /* GLKit.framework */,
				7819AA7220DA3158007D6292 /* CoreVideo.framework */,
				7819AA7020DA314D007D6292 /* CoreMedia.framework */,
				7819AA6E20DA3145007D6292 /* CoreImage.framework */,
				7819AA6C20DA313F007D6292 /* CoreGraphics.framework */,
				7819AA6A20DA313A007D6292 /* AudioToolbox.framework */,
				7819AA6820DA30FC007D6292 /* VideoToolbox.framework */,
				7819AA5F20DA2CFD007D6292 /* AntMediaSDK.framework */,
				2CD2091500B3DBE5FA014C05 /* Pods_AntMediaWebRTCSDK_WebRTCiOSSDK.framework */,
				A8A8CC52281D40BD000A335A /* ReplayKit.framework */,
				01B20A091BCFB704E4F65883 /* Pods_AntMediaWebRTCSDK_ScreenShare.framework */,
			);
			name = Frameworks;
			sourceTree = "<group>";
		};
		78DC79AB20CE63AC0034CAAB = {
			isa = PBXGroup;
			children = (
				A82129F525ACC65E005F8E6C /* WebRTC.xcframework */,
				78DC79B620CE63AC0034CAAB /* AntMediaReferenceApplication */,
				A8C465B0248B9AA00027ADBA /* WebRTCiOSSDK */,
				A8A8CC8528251979000A335A /* ScreenShare */,
				5656254C28A8684D300692C6 /* Frameworks */,
				78DC79B520CE63AC0034CAAB /* Products */,
				B8F850D806BEFA4B3B88C62F /* Pods */,
			);
			sourceTree = "<group>";
		};
		78DC79B520CE63AC0034CAAB /* Products */ = {
			isa = PBXGroup;
			children = (
				78DC79B420CE63AC0034CAAB /* Ant Media.app */,
				A8C465AF248B9AA00027ADBA /* WebRTCiOSSDK.framework */,
				A8A8CC8328251979000A335A /* ScreenShare.appex */,
			);
			name = Products;
			sourceTree = "<group>";
		};
		78DC79B620CE63AC0034CAAB /* AntMediaReferenceApplication */ = {
			isa = PBXGroup;
			children = (
				A896EC0628251D120069F850 /* AntMediaReferenceApplication.entitlements */,
				78DC79B720CE63AC0034CAAB /* AppDelegate.swift */,
				78DC79B920CE63AC0034CAAB /* WelcomeViewController.swift */,
				78B4B3C920D242660058F57E /* VideoViewController.swift */,
				A859E73D24E55BB300494836 /* ConferenceViewController.swift */,
				78DC79BB20CE63AC0034CAAB /* Main.storyboard */,
				78DC79BE20CE63AE0034CAAB /* Assets.xcassets */,
				78DC79C020CE63AE0034CAAB /* LaunchScreen.storyboard */,
				78DC79C320CE63AE0034CAAB /* Info.plist */,
				78DC79CD20CE8D590034CAAB /* Util */,
			);
			path = AntMediaReferenceApplication;
			sourceTree = "<group>";
		};
		78DC79C920CE8C350034CAAB /* Helper */ = {
			isa = PBXGroup;
			children = (
				78DC79CA20CE8C420034CAAB /* AlertHelper.swift */,
				78DC79D320D12DA20034CAAB /* Defaults.swift */,
				78DC79D120D12C030034CAAB /* SwiftyUserDefaults.swift */,
				78BCD2CA20D7F646003D2A58 /* Run.swift */,
			);
			path = Helper;
			sourceTree = "<group>";
		};
		78DC79CD20CE8D590034CAAB /* Util */ = {
			isa = PBXGroup;
			children = (
				78DC79CE20CE8D600034CAAB /* Extension */,
				78DC79C920CE8C350034CAAB /* Helper */,
			);
			path = Util;
			sourceTree = "<group>";
		};
		78DC79CE20CE8D600034CAAB /* Extension */ = {
			isa = PBXGroup;
			children = (
				78DC79CF20CE8D6B0034CAAB /* UIApplication.swift */,
			);
			path = Extension;
			sourceTree = "<group>";
		};
		A8A8CC8528251979000A335A /* ScreenShare */ = {
			isa = PBXGroup;
			children = (
				A896EC0728251D540069F850 /* ScreenShare.entitlements */,
				A8A8CC8628251979000A335A /* SampleHandler.swift */,
				A8A8CC8828251979000A335A /* Info.plist */,
			);
			path = ScreenShare;
			sourceTree = "<group>";
		};
		A8C4659A248B97C20027ADBA /* api */ = {
			isa = PBXGroup;
			children = (
				A8C4659D248B98700027ADBA /* AntMediaClient.swift */,
				A8747A3F24DEB76900E765A1 /* AntMediaClientProtocol.swift */,
				A8C4659E248B98700027ADBA /* AntMediaClientDelegate.swift */,
				A8C4659F248B98700027ADBA /* AntMediaError.swift */,
				A8C465A3248B99A60027ADBA /* webrtc */,
				A859E73B24E4238400494836 /* ConferenceClient.swift */,
			);
			path = api;
			sourceTree = "<group>";
		};
		A8C465A3248B99A60027ADBA /* webrtc */ = {
			isa = PBXGroup;
			children = (
				A8C465D8248BA2540027ADBA /* Dictionary.swift */,
				A8C465D7248BA2540027ADBA /* String.swift */,
				A8C465A8248B9A420027ADBA /* Config.swift */,
				A8C465A6248B99EB0027ADBA /* WebRTCClientDelegate.swift */,
				A8C465A4248B99E30027ADBA /* WebRTCClient.swift */,
				A8DAF6442520D64200560875 /* RTCCustomFrameCapturer.swift */,
			);
			path = webrtc;
			sourceTree = "<group>";
		};
		A8C465B0248B9AA00027ADBA /* WebRTCiOSSDK */ = {
			isa = PBXGroup;
			children = (
				A8C4659A248B97C20027ADBA /* api */,
				A8C465B1248B9AA00027ADBA /* WebRTCiOSSDK.h */,
				A8C465B2248B9AA00027ADBA /* Info.plist */,
			);
			path = WebRTCiOSSDK;
			sourceTree = "<group>";
		};
		B8F850D806BEFA4B3B88C62F /* Pods */ = {
			isa = PBXGroup;
			children = (
				62EB92D1E19240951AEBD4BA /* Pods-AntMediaReferenceApplication.debug.xcconfig */,
				9F18D764CE2419C8E0CB31A9 /* Pods-AntMediaReferenceApplication.release.xcconfig */,
				CC60F64352D37D815D6BDC55 /* Pods-AntMediaWebRTCSDK-AntMediaReferenceApplication.debug.xcconfig */,
				B9C79595D8958BD345F16A10 /* Pods-AntMediaWebRTCSDK-AntMediaReferenceApplication.release.xcconfig */,
				BF58A7AF85A1E5A351DE3D1F /* Pods-AntMediaWebRTCSDK-WebRTCiOSSDK.debug.xcconfig */,
				0BE5613638B72D3653D957A4 /* Pods-AntMediaWebRTCSDK-WebRTCiOSSDK.release.xcconfig */,
				16803ED5EB02319DEBAEEA58 /* Pods-AntMediaWebRTCSDK-ScreenShare.debug.xcconfig */,
				ACA8C57C589E6A85E11CA83D /* Pods-AntMediaWebRTCSDK-ScreenShare.release.xcconfig */,
			);
			name = Pods;
			sourceTree = "<group>";
		};
/* End PBXGroup section */

/* Begin PBXHeadersBuildPhase section */
		A8C465AA248B9AA00027ADBA /* Headers */ = {
			isa = PBXHeadersBuildPhase;
			buildActionMask = 2147483647;
			files = (
				A8C465C1248B9AA10027ADBA /* WebRTCiOSSDK.h in Headers */,
			);
			runOnlyForDeploymentPostprocessing = 0;
		};
/* End PBXHeadersBuildPhase section */

/* Begin PBXNativeTarget section */
		78DC79B320CE63AC0034CAAB /* AntMediaReferenceApplication */ = {
			isa = PBXNativeTarget;
			buildConfigurationList = 78DC79C620CE63AE0034CAAB /* Build configuration list for PBXNativeTarget "AntMediaReferenceApplication" */;
			buildPhases = (
				5D9016099DDC43D46D018B04 /* [CP] Check Pods Manifest.lock */,
				78DC79B020CE63AC0034CAAB /* Sources */,
				78DC79B120CE63AC0034CAAB /* Frameworks */,
				78DC79B220CE63AC0034CAAB /* Resources */,
				7819AA6720DA2D07007D6292 /* Embed Frameworks */,
				5842EC9889B3FBBE5BFE0EF9 /* [CP] Embed Pods Frameworks */,
				A8A8CC5E281D40BD000A335A /* Embed App Extensions */,
			);
			buildRules = (
			);
			dependencies = (
				A8A8CC8A28251979000A335A /* PBXTargetDependency */,
			);
			name = AntMediaReferenceApplication;
			productName = AntMediaReferenceApplication;
			productReference = 78DC79B420CE63AC0034CAAB /* Ant Media.app */;
			productType = "com.apple.product-type.application";
		};
		A8A8CC8228251979000A335A /* ScreenShare */ = {
			isa = PBXNativeTarget;
			buildConfigurationList = A8A8CC8C28251979000A335A /* Build configuration list for PBXNativeTarget "ScreenShare" */;
			buildPhases = (
				830BDD09EF826DD61525AA6E /* [CP] Check Pods Manifest.lock */,
				A8A8CC7F28251979000A335A /* Sources */,
				A8A8CC8028251979000A335A /* Frameworks */,
				A8A8CC8128251979000A335A /* Resources */,
				A8B7CF0F282928AE0070C358 /* Embed Frameworks */,
			);
			buildRules = (
			);
			dependencies = (
			);
			name = ScreenShare;
			productName = ScreenShare;
			productReference = A8A8CC8328251979000A335A /* ScreenShare.appex */;
			productType = "com.apple.product-type.app-extension";
		};
		A8C465AE248B9AA00027ADBA /* WebRTCiOSSDK */ = {
			isa = PBXNativeTarget;
			buildConfigurationList = A8C465C6248B9AA10027ADBA /* Build configuration list for PBXNativeTarget "WebRTCiOSSDK" */;
			buildPhases = (
				B6B4A34B509CD3606DB16D0C /* [CP] Check Pods Manifest.lock */,
				A8C465AA248B9AA00027ADBA /* Headers */,
				A8C465AB248B9AA00027ADBA /* Sources */,
				A8C465AC248B9AA00027ADBA /* Frameworks */,
				A8C465AD248B9AA00027ADBA /* Resources */,
			);
			buildRules = (
			);
			dependencies = (
			);
			name = WebRTCiOSSDK;
			productName = WebRTCiOSSDK;
			productReference = A8C465AF248B9AA00027ADBA /* WebRTCiOSSDK.framework */;
			productType = "com.apple.product-type.framework";
		};
/* End PBXNativeTarget section */

/* Begin PBXProject section */
		78DC79AC20CE63AC0034CAAB /* Project object */ = {
			isa = PBXProject;
			attributes = {
				LastSwiftUpdateCheck = 1330;
				LastUpgradeCheck = 1310;
				ORGANIZATIONNAME = AntMedia;
				TargetAttributes = {
					78DC79B320CE63AC0034CAAB = {
						CreatedOnToolsVersion = 9.3.1;
						LastSwiftMigration = 1100;
					};
					A8A8CC8228251979000A335A = {
						CreatedOnToolsVersion = 13.3.1;
					};
					A8C465AE248B9AA00027ADBA = {
						CreatedOnToolsVersion = 11.4.1;
						LastSwiftMigration = 1140;
					};
				};
			};
			buildConfigurationList = 78DC79AF20CE63AC0034CAAB /* Build configuration list for PBXProject "AntMediaReferenceApplication" */;
			compatibilityVersion = "Xcode 9.3";
			developmentRegion = en;
			hasScannedForEncodings = 0;
			knownRegions = (
				en,
				Base,
			);
			mainGroup = 78DC79AB20CE63AC0034CAAB;
			productRefGroup = 78DC79B520CE63AC0034CAAB /* Products */;
			projectDirPath = "";
			projectRoot = "";
			targets = (
				78DC79B320CE63AC0034CAAB /* AntMediaReferenceApplication */,
				A8C465AE248B9AA00027ADBA /* WebRTCiOSSDK */,
				A8A8CC8228251979000A335A /* ScreenShare */,
			);
		};
/* End PBXProject section */

/* Begin PBXResourcesBuildPhase section */
		78DC79B220CE63AC0034CAAB /* Resources */ = {
			isa = PBXResourcesBuildPhase;
			buildActionMask = 2147483647;
			files = (
				78DC79C220CE63AE0034CAAB /* LaunchScreen.storyboard in Resources */,
				78DC79BF20CE63AE0034CAAB /* Assets.xcassets in Resources */,
				78DC79BD20CE63AC0034CAAB /* Main.storyboard in Resources */,
			);
			runOnlyForDeploymentPostprocessing = 0;
		};
		A8A8CC8128251979000A335A /* Resources */ = {
			isa = PBXResourcesBuildPhase;
			buildActionMask = 2147483647;
			files = (
			);
			runOnlyForDeploymentPostprocessing = 0;
		};
		A8C465AD248B9AA00027ADBA /* Resources */ = {
			isa = PBXResourcesBuildPhase;
			buildActionMask = 2147483647;
			files = (
			);
			runOnlyForDeploymentPostprocessing = 0;
		};
/* End PBXResourcesBuildPhase section */

/* Begin PBXShellScriptBuildPhase section */
		5842EC9889B3FBBE5BFE0EF9 /* [CP] Embed Pods Frameworks */ = {
			isa = PBXShellScriptBuildPhase;
			buildActionMask = 2147483647;
			files = (
			);
			inputFileListPaths = (
				"${PODS_ROOT}/Target Support Files/Pods-AntMediaWebRTCSDK-AntMediaReferenceApplication/Pods-AntMediaWebRTCSDK-AntMediaReferenceApplication-frameworks-${CONFIGURATION}-input-files.xcfilelist",
			);
			name = "[CP] Embed Pods Frameworks";
			outputFileListPaths = (
				"${PODS_ROOT}/Target Support Files/Pods-AntMediaWebRTCSDK-AntMediaReferenceApplication/Pods-AntMediaWebRTCSDK-AntMediaReferenceApplication-frameworks-${CONFIGURATION}-output-files.xcfilelist",
			);
			runOnlyForDeploymentPostprocessing = 0;
			shellPath = /bin/sh;
			shellScript = "\"${PODS_ROOT}/Target Support Files/Pods-AntMediaWebRTCSDK-AntMediaReferenceApplication/Pods-AntMediaWebRTCSDK-AntMediaReferenceApplication-frameworks.sh\"\n";
			showEnvVarsInLog = 0;
		};
		5D9016099DDC43D46D018B04 /* [CP] Check Pods Manifest.lock */ = {
			isa = PBXShellScriptBuildPhase;
			buildActionMask = 2147483647;
			files = (
			);
			inputPaths = (
				"${PODS_PODFILE_DIR_PATH}/Podfile.lock",
				"${PODS_ROOT}/Manifest.lock",
			);
			name = "[CP] Check Pods Manifest.lock";
			outputPaths = (
				"$(DERIVED_FILE_DIR)/Pods-AntMediaWebRTCSDK-AntMediaReferenceApplication-checkManifestLockResult.txt",
			);
			runOnlyForDeploymentPostprocessing = 0;
			shellPath = /bin/sh;
			shellScript = "diff \"${PODS_PODFILE_DIR_PATH}/Podfile.lock\" \"${PODS_ROOT}/Manifest.lock\" > /dev/null\nif [ $? != 0 ] ; then\n    # print error to STDERR\n    echo \"error: The sandbox is not in sync with the Podfile.lock. Run 'pod install' or update your CocoaPods installation.\" >&2\n    exit 1\nfi\n# This output is used by Xcode 'outputs' to avoid re-running this script phase.\necho \"SUCCESS\" > \"${SCRIPT_OUTPUT_FILE_0}\"\n";
			showEnvVarsInLog = 0;
		};
		830BDD09EF826DD61525AA6E /* [CP] Check Pods Manifest.lock */ = {
			isa = PBXShellScriptBuildPhase;
			buildActionMask = 2147483647;
			files = (
			);
			inputFileListPaths = (
			);
			inputPaths = (
				"${PODS_PODFILE_DIR_PATH}/Podfile.lock",
				"${PODS_ROOT}/Manifest.lock",
			);
			name = "[CP] Check Pods Manifest.lock";
			outputFileListPaths = (
			);
			outputPaths = (
				"$(DERIVED_FILE_DIR)/Pods-AntMediaWebRTCSDK-ScreenShare-checkManifestLockResult.txt",
			);
			runOnlyForDeploymentPostprocessing = 0;
			shellPath = /bin/sh;
			shellScript = "diff \"${PODS_PODFILE_DIR_PATH}/Podfile.lock\" \"${PODS_ROOT}/Manifest.lock\" > /dev/null\nif [ $? != 0 ] ; then\n    # print error to STDERR\n    echo \"error: The sandbox is not in sync with the Podfile.lock. Run 'pod install' or update your CocoaPods installation.\" >&2\n    exit 1\nfi\n# This output is used by Xcode 'outputs' to avoid re-running this script phase.\necho \"SUCCESS\" > \"${SCRIPT_OUTPUT_FILE_0}\"\n";
			showEnvVarsInLog = 0;
		};
		B6B4A34B509CD3606DB16D0C /* [CP] Check Pods Manifest.lock */ = {
			isa = PBXShellScriptBuildPhase;
			buildActionMask = 2147483647;
			files = (
			);
			inputFileListPaths = (
			);
			inputPaths = (
				"${PODS_PODFILE_DIR_PATH}/Podfile.lock",
				"${PODS_ROOT}/Manifest.lock",
			);
			name = "[CP] Check Pods Manifest.lock";
			outputFileListPaths = (
			);
			outputPaths = (
				"$(DERIVED_FILE_DIR)/Pods-AntMediaWebRTCSDK-WebRTCiOSSDK-checkManifestLockResult.txt",
			);
			runOnlyForDeploymentPostprocessing = 0;
			shellPath = /bin/sh;
			shellScript = "diff \"${PODS_PODFILE_DIR_PATH}/Podfile.lock\" \"${PODS_ROOT}/Manifest.lock\" > /dev/null\nif [ $? != 0 ] ; then\n    # print error to STDERR\n    echo \"error: The sandbox is not in sync with the Podfile.lock. Run 'pod install' or update your CocoaPods installation.\" >&2\n    exit 1\nfi\n# This output is used by Xcode 'outputs' to avoid re-running this script phase.\necho \"SUCCESS\" > \"${SCRIPT_OUTPUT_FILE_0}\"\n";
			showEnvVarsInLog = 0;
		};
/* End PBXShellScriptBuildPhase section */

/* Begin PBXSourcesBuildPhase section */
		78DC79B020CE63AC0034CAAB /* Sources */ = {
			isa = PBXSourcesBuildPhase;
			buildActionMask = 2147483647;
			files = (
				78DC79D020CE8D6B0034CAAB /* UIApplication.swift in Sources */,
				78BCD2CB20D7F646003D2A58 /* Run.swift in Sources */,
				A859E73E24E55BB300494836 /* ConferenceViewController.swift in Sources */,
				78B4B3CA20D242660058F57E /* VideoViewController.swift in Sources */,
				78DC79CB20CE8C420034CAAB /* AlertHelper.swift in Sources */,
				78DC79BA20CE63AC0034CAAB /* WelcomeViewController.swift in Sources */,
				78DC79D420D12DA20034CAAB /* Defaults.swift in Sources */,
				78DC79B820CE63AC0034CAAB /* AppDelegate.swift in Sources */,
				78DC79D220D12C030034CAAB /* SwiftyUserDefaults.swift in Sources */,
			);
			runOnlyForDeploymentPostprocessing = 0;
		};
		A8A8CC7F28251979000A335A /* Sources */ = {
			isa = PBXSourcesBuildPhase;
			buildActionMask = 2147483647;
			files = (
				A8A8CC8728251979000A335A /* SampleHandler.swift in Sources */,
			);
			runOnlyForDeploymentPostprocessing = 0;
		};
		A8C465AB248B9AA00027ADBA /* Sources */ = {
			isa = PBXSourcesBuildPhase;
			buildActionMask = 2147483647;
			files = (
				A8B7CF21282E98290070C358 /* RTCCustomFrameCapturer.swift in Sources */,
				A89C908C24DDAF8C005F5D98 /* AntMediaClient.swift in Sources */,
				A89C908D24DDAF8C005F5D98 /* AntMediaClientDelegate.swift in Sources */,
				A859E73C24E4238400494836 /* ConferenceClient.swift in Sources */,
				A8747A4024DEB76900E765A1 /* AntMediaClientProtocol.swift in Sources */,
				A89C908E24DDAF8C005F5D98 /* AntMediaError.swift in Sources */,
				A89C908F24DDAF8C005F5D98 /* Dictionary.swift in Sources */,
				A89C909024DDAF8C005F5D98 /* String.swift in Sources */,
				A89C909124DDAF8C005F5D98 /* Config.swift in Sources */,
				A89C909224DDAF8C005F5D98 /* WebRTCClientDelegate.swift in Sources */,
				A89C909324DDAF8C005F5D98 /* WebRTCClient.swift in Sources */,
			);
			runOnlyForDeploymentPostprocessing = 0;
		};
/* End PBXSourcesBuildPhase section */

/* Begin PBXTargetDependency section */
		A8A8CC8A28251979000A335A /* PBXTargetDependency */ = {
			isa = PBXTargetDependency;
			target = A8A8CC8228251979000A335A /* ScreenShare */;
			targetProxy = A8A8CC8928251979000A335A /* PBXContainerItemProxy */;
		};
/* End PBXTargetDependency section */

/* Begin PBXVariantGroup section */
		78DC79BB20CE63AC0034CAAB /* Main.storyboard */ = {
			isa = PBXVariantGroup;
			children = (
				78DC79BC20CE63AC0034CAAB /* Base */,
			);
			name = Main.storyboard;
			sourceTree = "<group>";
		};
		78DC79C020CE63AE0034CAAB /* LaunchScreen.storyboard */ = {
			isa = PBXVariantGroup;
			children = (
				78DC79C120CE63AE0034CAAB /* Base */,
			);
			name = LaunchScreen.storyboard;
			sourceTree = "<group>";
		};
/* End PBXVariantGroup section */

/* Begin XCBuildConfiguration section */
		78DC79C420CE63AE0034CAAB /* Debug */ = {
			isa = XCBuildConfiguration;
			buildSettings = {
				ALWAYS_SEARCH_USER_PATHS = NO;
				ARCHS = (
					x64,
					arm64,
				);
				CLANG_ANALYZER_NONNULL = YES;
				CLANG_ANALYZER_NUMBER_OBJECT_CONVERSION = YES_AGGRESSIVE;
				CLANG_CXX_LANGUAGE_STANDARD = "gnu++14";
				CLANG_CXX_LIBRARY = "libc++";
				CLANG_ENABLE_MODULES = YES;
				CLANG_ENABLE_OBJC_ARC = YES;
				CLANG_ENABLE_OBJC_WEAK = YES;
				CLANG_WARN_BLOCK_CAPTURE_AUTORELEASING = YES;
				CLANG_WARN_BOOL_CONVERSION = YES;
				CLANG_WARN_COMMA = YES;
				CLANG_WARN_CONSTANT_CONVERSION = YES;
				CLANG_WARN_DEPRECATED_OBJC_IMPLEMENTATIONS = YES;
				CLANG_WARN_DIRECT_OBJC_ISA_USAGE = YES_ERROR;
				CLANG_WARN_DOCUMENTATION_COMMENTS = YES;
				CLANG_WARN_EMPTY_BODY = YES;
				CLANG_WARN_ENUM_CONVERSION = YES;
				CLANG_WARN_INFINITE_RECURSION = YES;
				CLANG_WARN_INT_CONVERSION = YES;
				CLANG_WARN_NON_LITERAL_NULL_CONVERSION = YES;
				CLANG_WARN_OBJC_IMPLICIT_RETAIN_SELF = YES;
				CLANG_WARN_OBJC_LITERAL_CONVERSION = YES;
				CLANG_WARN_OBJC_ROOT_CLASS = YES_ERROR;
				CLANG_WARN_QUOTED_INCLUDE_IN_FRAMEWORK_HEADER = YES;
				CLANG_WARN_RANGE_LOOP_ANALYSIS = YES;
				CLANG_WARN_STRICT_PROTOTYPES = YES;
				CLANG_WARN_SUSPICIOUS_MOVE = YES;
				CLANG_WARN_UNGUARDED_AVAILABILITY = YES_AGGRESSIVE;
				CLANG_WARN_UNREACHABLE_CODE = YES;
				CLANG_WARN__DUPLICATE_METHOD_MATCH = YES;
				CODE_SIGN_IDENTITY = "iPhone Developer";
				COPY_PHASE_STRIP = NO;
				DEBUG_INFORMATION_FORMAT = dwarf;
				ENABLE_BITCODE = NO;
				ENABLE_STRICT_OBJC_MSGSEND = YES;
				ENABLE_TESTABILITY = YES;
				"EXCLUDED_ARCHS[sdk=iphoneos*]" = "";
				GCC_C_LANGUAGE_STANDARD = gnu11;
				GCC_DYNAMIC_NO_PIC = NO;
				GCC_NO_COMMON_BLOCKS = YES;
				GCC_OPTIMIZATION_LEVEL = 0;
				GCC_PREPROCESSOR_DEFINITIONS = (
					"DEBUG=1",
					"$(inherited)",
				);
				GCC_WARN_64_TO_32_BIT_CONVERSION = YES;
				GCC_WARN_ABOUT_RETURN_TYPE = YES_ERROR;
				GCC_WARN_UNDECLARED_SELECTOR = YES;
				GCC_WARN_UNINITIALIZED_AUTOS = YES_AGGRESSIVE;
				GCC_WARN_UNUSED_FUNCTION = YES;
				GCC_WARN_UNUSED_VARIABLE = YES;
				IPHONEOS_DEPLOYMENT_TARGET = 10.0;
				MTL_ENABLE_DEBUG_INFO = YES;
				ONLY_ACTIVE_ARCH = YES;
				SDKROOT = iphoneos;
				SWIFT_ACTIVE_COMPILATION_CONDITIONS = DEBUG;
				SWIFT_OPTIMIZATION_LEVEL = "-Onone";
			};
			name = Debug;
		};
		78DC79C520CE63AE0034CAAB /* Release */ = {
			isa = XCBuildConfiguration;
			buildSettings = {
				ALWAYS_SEARCH_USER_PATHS = NO;
				ARCHS = (
					x64,
					arm64,
				);
				CLANG_ANALYZER_NONNULL = YES;
				CLANG_ANALYZER_NUMBER_OBJECT_CONVERSION = YES_AGGRESSIVE;
				CLANG_CXX_LANGUAGE_STANDARD = "gnu++14";
				CLANG_CXX_LIBRARY = "libc++";
				CLANG_ENABLE_MODULES = YES;
				CLANG_ENABLE_OBJC_ARC = YES;
				CLANG_ENABLE_OBJC_WEAK = YES;
				CLANG_WARN_BLOCK_CAPTURE_AUTORELEASING = YES;
				CLANG_WARN_BOOL_CONVERSION = YES;
				CLANG_WARN_COMMA = YES;
				CLANG_WARN_CONSTANT_CONVERSION = YES;
				CLANG_WARN_DEPRECATED_OBJC_IMPLEMENTATIONS = YES;
				CLANG_WARN_DIRECT_OBJC_ISA_USAGE = YES_ERROR;
				CLANG_WARN_DOCUMENTATION_COMMENTS = YES;
				CLANG_WARN_EMPTY_BODY = YES;
				CLANG_WARN_ENUM_CONVERSION = YES;
				CLANG_WARN_INFINITE_RECURSION = YES;
				CLANG_WARN_INT_CONVERSION = YES;
				CLANG_WARN_NON_LITERAL_NULL_CONVERSION = YES;
				CLANG_WARN_OBJC_IMPLICIT_RETAIN_SELF = YES;
				CLANG_WARN_OBJC_LITERAL_CONVERSION = YES;
				CLANG_WARN_OBJC_ROOT_CLASS = YES_ERROR;
				CLANG_WARN_QUOTED_INCLUDE_IN_FRAMEWORK_HEADER = YES;
				CLANG_WARN_RANGE_LOOP_ANALYSIS = YES;
				CLANG_WARN_STRICT_PROTOTYPES = YES;
				CLANG_WARN_SUSPICIOUS_MOVE = YES;
				CLANG_WARN_UNGUARDED_AVAILABILITY = YES_AGGRESSIVE;
				CLANG_WARN_UNREACHABLE_CODE = YES;
				CLANG_WARN__DUPLICATE_METHOD_MATCH = YES;
				CODE_SIGN_IDENTITY = "iPhone Developer";
				COPY_PHASE_STRIP = NO;
				DEBUG_INFORMATION_FORMAT = "dwarf-with-dsym";
				ENABLE_BITCODE = NO;
				ENABLE_NS_ASSERTIONS = NO;
				ENABLE_STRICT_OBJC_MSGSEND = YES;
				"EXCLUDED_ARCHS[sdk=iphoneos*]" = "";
				GCC_C_LANGUAGE_STANDARD = gnu11;
				GCC_NO_COMMON_BLOCKS = YES;
				GCC_WARN_64_TO_32_BIT_CONVERSION = YES;
				GCC_WARN_ABOUT_RETURN_TYPE = YES_ERROR;
				GCC_WARN_UNDECLARED_SELECTOR = YES;
				GCC_WARN_UNINITIALIZED_AUTOS = YES_AGGRESSIVE;
				GCC_WARN_UNUSED_FUNCTION = YES;
				GCC_WARN_UNUSED_VARIABLE = YES;
				IPHONEOS_DEPLOYMENT_TARGET = 10.0;
				MTL_ENABLE_DEBUG_INFO = NO;
				ONLY_ACTIVE_ARCH = YES;
				SDKROOT = iphoneos;
				SWIFT_COMPILATION_MODE = wholemodule;
				SWIFT_OPTIMIZATION_LEVEL = "-O";
				VALIDATE_PRODUCT = YES;
			};
			name = Release;
		};
		78DC79C720CE63AE0034CAAB /* Debug */ = {
			isa = XCBuildConfiguration;
			baseConfigurationReference = CC60F64352D37D815D6BDC55 /* Pods-AntMediaWebRTCSDK-AntMediaReferenceApplication.debug.xcconfig */;
			buildSettings = {
				ALWAYS_EMBED_SWIFT_STANDARD_LIBRARIES = YES;
				ARCHS = (
					arm64,
					x64,
				);
				ASSETCATALOG_COMPILER_APPICON_NAME = AppIcon;
				CODE_SIGN_ENTITLEMENTS = AntMediaReferenceApplication/AntMediaReferenceApplication.entitlements;
				CODE_SIGN_IDENTITY = "Apple Development";
				CODE_SIGN_STYLE = Automatic;
				DEVELOPMENT_TEAM = 2YK9J8G25K;
				ENABLE_BITCODE = NO;
				EXCLUDED_ARCHS = "";
				"EXCLUDED_ARCHS[sdk=iphoneos*]" = "";
				"EXCLUDED_ARCHS[sdk=iphonesimulator*]" = "";
				FRAMEWORK_SEARCH_PATHS = (
					"$(inherited)",
					"$(PROJECT_DIR)",
				);
				INFOPLIST_FILE = AntMediaReferenceApplication/Info.plist;
				IPHONEOS_DEPLOYMENT_TARGET = 10.0;
				LD_RUNPATH_SEARCH_PATHS = (
					"$(inherited)",
					"@executable_path/Frameworks",
				);
				PRODUCT_BUNDLE_IDENTIFIER = io.antmedia.ios.sdk;
				PRODUCT_NAME = "Ant Media";
				PROVISIONING_PROFILE_SPECIFIER = "";
				SWIFT_VERSION = 5.0;
				TARGETED_DEVICE_FAMILY = "1,2";
			};
			name = Debug;
		};
		78DC79C820CE63AE0034CAAB /* Release */ = {
			isa = XCBuildConfiguration;
			baseConfigurationReference = B9C79595D8958BD345F16A10 /* Pods-AntMediaWebRTCSDK-AntMediaReferenceApplication.release.xcconfig */;
			buildSettings = {
				ALWAYS_EMBED_SWIFT_STANDARD_LIBRARIES = YES;
				ARCHS = (
					arm64,
					x64,
				);
				ASSETCATALOG_COMPILER_APPICON_NAME = AppIcon;
				CODE_SIGN_ENTITLEMENTS = AntMediaReferenceApplication/AntMediaReferenceApplication.entitlements;
				CODE_SIGN_IDENTITY = "Apple Development";
				CODE_SIGN_STYLE = Automatic;
				DEVELOPMENT_TEAM = 2YK9J8G25K;
				ENABLE_BITCODE = NO;
				EXCLUDED_ARCHS = "";
				"EXCLUDED_ARCHS[sdk=iphoneos*]" = "";
				"EXCLUDED_ARCHS[sdk=iphonesimulator*]" = "";
				FRAMEWORK_SEARCH_PATHS = (
					"$(inherited)",
					"$(PROJECT_DIR)",
				);
				INFOPLIST_FILE = AntMediaReferenceApplication/Info.plist;
				IPHONEOS_DEPLOYMENT_TARGET = 10.0;
				LD_RUNPATH_SEARCH_PATHS = (
					"$(inherited)",
					"@executable_path/Frameworks",
				);
				PRODUCT_BUNDLE_IDENTIFIER = io.antmedia.ios.sdk;
				PRODUCT_NAME = "Ant Media";
				PROVISIONING_PROFILE_SPECIFIER = "";
				SWIFT_VERSION = 5.0;
				TARGETED_DEVICE_FAMILY = "1,2";
			};
			name = Release;
		};
		A8A8CC8D28251979000A335A /* Debug */ = {
			isa = XCBuildConfiguration;
			baseConfigurationReference = 16803ED5EB02319DEBAEEA58 /* Pods-AntMediaWebRTCSDK-ScreenShare.debug.xcconfig */;
			buildSettings = {
				CLANG_CXX_LANGUAGE_STANDARD = "gnu++17";
				CODE_SIGN_ENTITLEMENTS = ScreenShare/ScreenShare.entitlements;
				CODE_SIGN_IDENTITY = "Apple Development";
				CODE_SIGN_STYLE = Automatic;
				CURRENT_PROJECT_VERSION = 1;
				DEVELOPMENT_TEAM = 2YK9J8G25K;
				GENERATE_INFOPLIST_FILE = YES;
				INFOPLIST_FILE = ScreenShare/Info.plist;
				INFOPLIST_KEY_CFBundleDisplayName = ScreenShare;
				INFOPLIST_KEY_NSHumanReadableCopyright = "Copyright © 2022 AntMedia. All rights reserved.";
				IPHONEOS_DEPLOYMENT_TARGET = 15.4;
				LD_RUNPATH_SEARCH_PATHS = (
					"$(inherited)",
					"@executable_path/Frameworks",
					"@executable_path/../../Frameworks",
				);
				MARKETING_VERSION = 1.0;
				MTL_ENABLE_DEBUG_INFO = INCLUDE_SOURCE;
				MTL_FAST_MATH = YES;
				PRODUCT_BUNDLE_IDENTIFIER = io.antmedia.ios.sdk.ScreenShare;
				PRODUCT_NAME = "$(TARGET_NAME)";
				SKIP_INSTALL = YES;
				SWIFT_EMIT_LOC_STRINGS = YES;
				SWIFT_VERSION = 5.0;
				TARGETED_DEVICE_FAMILY = "1,2";
			};
			name = Debug;
		};
		A8A8CC8E28251979000A335A /* Release */ = {
			isa = XCBuildConfiguration;
			baseConfigurationReference = ACA8C57C589E6A85E11CA83D /* Pods-AntMediaWebRTCSDK-ScreenShare.release.xcconfig */;
			buildSettings = {
				CLANG_CXX_LANGUAGE_STANDARD = "gnu++17";
				CODE_SIGN_ENTITLEMENTS = ScreenShare/ScreenShare.entitlements;
				CODE_SIGN_IDENTITY = "Apple Development";
				CODE_SIGN_STYLE = Automatic;
				CURRENT_PROJECT_VERSION = 1;
				DEVELOPMENT_TEAM = 2YK9J8G25K;
				GENERATE_INFOPLIST_FILE = YES;
				INFOPLIST_FILE = ScreenShare/Info.plist;
				INFOPLIST_KEY_CFBundleDisplayName = ScreenShare;
				INFOPLIST_KEY_NSHumanReadableCopyright = "Copyright © 2022 AntMedia. All rights reserved.";
				IPHONEOS_DEPLOYMENT_TARGET = 15.4;
				LD_RUNPATH_SEARCH_PATHS = (
					"$(inherited)",
					"@executable_path/Frameworks",
					"@executable_path/../../Frameworks",
				);
				MARKETING_VERSION = 1.0;
				MTL_FAST_MATH = YES;
				PRODUCT_BUNDLE_IDENTIFIER = io.antmedia.ios.sdk.ScreenShare;
				PRODUCT_NAME = "$(TARGET_NAME)";
				SKIP_INSTALL = YES;
				SWIFT_EMIT_LOC_STRINGS = YES;
				SWIFT_VERSION = 5.0;
				TARGETED_DEVICE_FAMILY = "1,2";
			};
			name = Release;
		};
		A8C465C7248B9AA10027ADBA /* Debug */ = {
			isa = XCBuildConfiguration;
			baseConfigurationReference = BF58A7AF85A1E5A351DE3D1F /* Pods-AntMediaWebRTCSDK-WebRTCiOSSDK.debug.xcconfig */;
			buildSettings = {
				APPLICATION_EXTENSION_API_ONLY = NO;
				ARCHS = (
					arm64,
					x64,
				);
				BUILD_LIBRARY_FOR_DISTRIBUTION = YES;
				CLANG_ENABLE_MODULES = YES;
				CODE_SIGN_IDENTITY = "";
				CODE_SIGN_STYLE = Automatic;
				CURRENT_PROJECT_VERSION = 1;
				DEFINES_MODULE = YES;
				DEVELOPMENT_TEAM = 2YK9J8G25K;
				DYLIB_COMPATIBILITY_VERSION = 1;
				DYLIB_CURRENT_VERSION = 1;
				DYLIB_INSTALL_NAME_BASE = "@rpath";
				ENABLE_BITCODE = NO;
				"EXCLUDED_ARCHS[sdk=iphoneos*]" = "";
				"EXCLUDED_ARCHS[sdk=iphonesimulator*]" = "";
				FRAMEWORK_SEARCH_PATHS = (
					"$(inherited)",
					"$(PROJECT_DIR)",
				);
				INFOPLIST_FILE = WebRTCiOSSDK/Info.plist;
				INSTALL_PATH = "$(LOCAL_LIBRARY_DIR)/Frameworks";
				IPHONEOS_DEPLOYMENT_TARGET = 10.0;
				LD_RUNPATH_SEARCH_PATHS = (
					"$(inherited)",
					"@executable_path/Frameworks",
					"@loader_path/Frameworks",
				);
				MTL_ENABLE_DEBUG_INFO = INCLUDE_SOURCE;
				MTL_FAST_MATH = YES;
				ONLY_ACTIVE_ARCH = YES;
				PRODUCT_BUNDLE_IDENTIFIER = com.antmedia.ios.sdk.webrtc;
				PRODUCT_NAME = "$(TARGET_NAME:c99extidentifier)";
				SKIP_INSTALL = YES;
				SUPPORTS_MACCATALYST = NO;
				SWIFT_OPTIMIZATION_LEVEL = "-Onone";
				SWIFT_VERSION = 5.0;
				TARGETED_DEVICE_FAMILY = "1,2";
				VERSIONING_SYSTEM = "apple-generic";
				VERSION_INFO_PREFIX = "";
			};
			name = Debug;
		};
		A8C465C8248B9AA10027ADBA /* Release */ = {
			isa = XCBuildConfiguration;
			baseConfigurationReference = 0BE5613638B72D3653D957A4 /* Pods-AntMediaWebRTCSDK-WebRTCiOSSDK.release.xcconfig */;
			buildSettings = {
				APPLICATION_EXTENSION_API_ONLY = NO;
				ARCHS = (
					arm64,
					x64,
				);
				BUILD_LIBRARY_FOR_DISTRIBUTION = YES;
				CLANG_ENABLE_MODULES = YES;
				CODE_SIGN_IDENTITY = "";
				CODE_SIGN_STYLE = Automatic;
				CURRENT_PROJECT_VERSION = 1;
				DEFINES_MODULE = YES;
				DEVELOPMENT_TEAM = 2YK9J8G25K;
				DYLIB_COMPATIBILITY_VERSION = 1;
				DYLIB_CURRENT_VERSION = 1;
				DYLIB_INSTALL_NAME_BASE = "@rpath";
				ENABLE_BITCODE = NO;
				"EXCLUDED_ARCHS[sdk=iphonesimulator*]" = "";
				FRAMEWORK_SEARCH_PATHS = (
					"$(inherited)",
					"$(PROJECT_DIR)",
				);
				INFOPLIST_FILE = WebRTCiOSSDK/Info.plist;
				INSTALL_PATH = "$(LOCAL_LIBRARY_DIR)/Frameworks";
				IPHONEOS_DEPLOYMENT_TARGET = 10.0;
				LD_RUNPATH_SEARCH_PATHS = (
					"$(inherited)",
					"@executable_path/Frameworks",
					"@loader_path/Frameworks",
				);
				MTL_FAST_MATH = YES;
				ONLY_ACTIVE_ARCH = YES;
				PRODUCT_BUNDLE_IDENTIFIER = com.antmedia.ios.sdk.webrtc;
				PRODUCT_NAME = "$(TARGET_NAME:c99extidentifier)";
				SKIP_INSTALL = YES;
				SUPPORTS_MACCATALYST = NO;
				SWIFT_VERSION = 5.0;
				TARGETED_DEVICE_FAMILY = "1,2";
				VERSIONING_SYSTEM = "apple-generic";
				VERSION_INFO_PREFIX = "";
			};
			name = Release;
		};
/* End XCBuildConfiguration section */

/* Begin XCConfigurationList section */
		78DC79AF20CE63AC0034CAAB /* Build configuration list for PBXProject "AntMediaReferenceApplication" */ = {
			isa = XCConfigurationList;
			buildConfigurations = (
				78DC79C420CE63AE0034CAAB /* Debug */,
				78DC79C520CE63AE0034CAAB /* Release */,
			);
			defaultConfigurationIsVisible = 0;
			defaultConfigurationName = Release;
		};
		78DC79C620CE63AE0034CAAB /* Build configuration list for PBXNativeTarget "AntMediaReferenceApplication" */ = {
			isa = XCConfigurationList;
			buildConfigurations = (
				78DC79C720CE63AE0034CAAB /* Debug */,
				78DC79C820CE63AE0034CAAB /* Release */,
			);
			defaultConfigurationIsVisible = 0;
			defaultConfigurationName = Release;
		};
		A8A8CC8C28251979000A335A /* Build configuration list for PBXNativeTarget "ScreenShare" */ = {
			isa = XCConfigurationList;
			buildConfigurations = (
				A8A8CC8D28251979000A335A /* Debug */,
				A8A8CC8E28251979000A335A /* Release */,
			);
			defaultConfigurationIsVisible = 0;
			defaultConfigurationName = Release;
		};
		A8C465C6248B9AA10027ADBA /* Build configuration list for PBXNativeTarget "WebRTCiOSSDK" */ = {
			isa = XCConfigurationList;
			buildConfigurations = (
				A8C465C7248B9AA10027ADBA /* Debug */,
				A8C465C8248B9AA10027ADBA /* Release */,
			);
			defaultConfigurationIsVisible = 0;
			defaultConfigurationName = Release;
		};
/* End XCConfigurationList section */
	};
	rootObject = 78DC79AC20CE63AC0034CAAB /* Project object */;
}
