// !$*UTF8*$!
{
	archiveVersion = 1;
	classes = {
	};
	objectVersion = 50;
	objects = {

/* Begin PBXBuildFile section */
		7819AA6320DA2D07007D6292 /* AntMediaSDK.framework in Frameworks */ = {isa = PBXBuildFile; fileRef = 7819AA5F20DA2CFD007D6292 /* AntMediaSDK.framework */; };
		7819AA6420DA2D07007D6292 /* AntMediaSDK.framework in Embed Frameworks */ = {isa = PBXBuildFile; fileRef = 7819AA5F20DA2CFD007D6292 /* AntMediaSDK.framework */; settings = {ATTRIBUTES = (CodeSignOnCopy, RemoveHeadersOnCopy, ); }; };
		7819AA6520DA2D07007D6292 /* WebRTC.framework in Frameworks */ = {isa = PBXBuildFile; fileRef = 7819AA6020DA2CFD007D6292 /* WebRTC.framework */; };
		7819AA6620DA2D07007D6292 /* WebRTC.framework in Embed Frameworks */ = {isa = PBXBuildFile; fileRef = 7819AA6020DA2CFD007D6292 /* WebRTC.framework */; settings = {ATTRIBUTES = (CodeSignOnCopy, RemoveHeadersOnCopy, ); }; };
		7819AA6920DA30FC007D6292 /* VideoToolbox.framework in Frameworks */ = {isa = PBXBuildFile; fileRef = 7819AA6820DA30FC007D6292 /* VideoToolbox.framework */; };
		7819AA6B20DA313A007D6292 /* AudioToolbox.framework in Frameworks */ = {isa = PBXBuildFile; fileRef = 7819AA6A20DA313A007D6292 /* AudioToolbox.framework */; };
		7819AA6D20DA313F007D6292 /* CoreGraphics.framework in Frameworks */ = {isa = PBXBuildFile; fileRef = 7819AA6C20DA313F007D6292 /* CoreGraphics.framework */; };
		7819AA6F20DA3145007D6292 /* CoreImage.framework in Frameworks */ = {isa = PBXBuildFile; fileRef = 7819AA6E20DA3145007D6292 /* CoreImage.framework */; };
		7819AA7120DA314D007D6292 /* CoreMedia.framework in Frameworks */ = {isa = PBXBuildFile; fileRef = 7819AA7020DA314D007D6292 /* CoreMedia.framework */; };
		7819AA7320DA3158007D6292 /* CoreVideo.framework in Frameworks */ = {isa = PBXBuildFile; fileRef = 7819AA7220DA3158007D6292 /* CoreVideo.framework */; };
		7819AA7520DA315D007D6292 /* GLKit.framework in Frameworks */ = {isa = PBXBuildFile; fileRef = 7819AA7420DA315D007D6292 /* GLKit.framework */; };
		7819AA7720DA3164007D6292 /* AVFoundation.framework in Frameworks */ = {isa = PBXBuildFile; fileRef = 7819AA7620DA3164007D6292 /* AVFoundation.framework */; };
		7819AA7920DA3169007D6292 /* libicucore.tbd in Frameworks */ = {isa = PBXBuildFile; fileRef = 7819AA7820DA3169007D6292 /* libicucore.tbd */; };
		7819AA7B20DA3170007D6292 /* libsqlite3.0.tbd in Frameworks */ = {isa = PBXBuildFile; fileRef = 7819AA7A20DA3170007D6292 /* libsqlite3.0.tbd */; };
		7819AA7D20DA3178007D6292 /* libc++.tbd in Frameworks */ = {isa = PBXBuildFile; fileRef = 7819AA7C20DA3178007D6292 /* libc++.tbd */; };
		78B4B3CA20D242660058F57E /* VideoViewController.swift in Sources */ = {isa = PBXBuildFile; fileRef = 78B4B3C920D242660058F57E /* VideoViewController.swift */; };
		78BCD2CB20D7F646003D2A58 /* Run.swift in Sources */ = {isa = PBXBuildFile; fileRef = 78BCD2CA20D7F646003D2A58 /* Run.swift */; };
		78DC79B820CE63AC0034CAAB /* AppDelegate.swift in Sources */ = {isa = PBXBuildFile; fileRef = 78DC79B720CE63AC0034CAAB /* AppDelegate.swift */; };
		78DC79BA20CE63AC0034CAAB /* WelcomeViewController.swift in Sources */ = {isa = PBXBuildFile; fileRef = 78DC79B920CE63AC0034CAAB /* WelcomeViewController.swift */; };
		78DC79BD20CE63AC0034CAAB /* Main.storyboard in Resources */ = {isa = PBXBuildFile; fileRef = 78DC79BB20CE63AC0034CAAB /* Main.storyboard */; };
		78DC79BF20CE63AE0034CAAB /* Assets.xcassets in Resources */ = {isa = PBXBuildFile; fileRef = 78DC79BE20CE63AE0034CAAB /* Assets.xcassets */; };
		78DC79C220CE63AE0034CAAB /* LaunchScreen.storyboard in Resources */ = {isa = PBXBuildFile; fileRef = 78DC79C020CE63AE0034CAAB /* LaunchScreen.storyboard */; };
		78DC79CB20CE8C420034CAAB /* AlertHelper.swift in Sources */ = {isa = PBXBuildFile; fileRef = 78DC79CA20CE8C420034CAAB /* AlertHelper.swift */; };
		78DC79D020CE8D6B0034CAAB /* UIApplication.swift in Sources */ = {isa = PBXBuildFile; fileRef = 78DC79CF20CE8D6B0034CAAB /* UIApplication.swift */; };
		78DC79D220D12C030034CAAB /* SwiftyUserDefaults.swift in Sources */ = {isa = PBXBuildFile; fileRef = 78DC79D120D12C030034CAAB /* SwiftyUserDefaults.swift */; };
		78DC79D420D12DA20034CAAB /* Defaults.swift in Sources */ = {isa = PBXBuildFile; fileRef = 78DC79D320D12DA20034CAAB /* Defaults.swift */; };
		D9ABC77DB8B7994227ED69E7 /* Pods_AntMediaReferenceApplication.framework in Frameworks */ = {isa = PBXBuildFile; fileRef = 49BCC33059E40AD701D0CADB /* Pods_AntMediaReferenceApplication.framework */; };
/* End PBXBuildFile section */

/* Begin PBXCopyFilesBuildPhase section */
		7819AA6720DA2D07007D6292 /* Embed Frameworks */ = {
			isa = PBXCopyFilesBuildPhase;
			buildActionMask = 2147483647;
			dstPath = "";
			dstSubfolderSpec = 10;
			files = (
				7819AA6420DA2D07007D6292 /* AntMediaSDK.framework in Embed Frameworks */,
				7819AA6620DA2D07007D6292 /* WebRTC.framework in Embed Frameworks */,
			);
			name = "Embed Frameworks";
			runOnlyForDeploymentPostprocessing = 0;
		};
/* End PBXCopyFilesBuildPhase section */

/* Begin PBXFileReference section */
		49BCC33059E40AD701D0CADB /* Pods_AntMediaReferenceApplication.framework */ = {isa = PBXFileReference; explicitFileType = wrapper.framework; includeInIndex = 0; path = Pods_AntMediaReferenceApplication.framework; sourceTree = BUILT_PRODUCTS_DIR; };
		62EB92D1E19240951AEBD4BA /* Pods-AntMediaReferenceApplication.debug.xcconfig */ = {isa = PBXFileReference; includeInIndex = 1; lastKnownFileType = text.xcconfig; name = "Pods-AntMediaReferenceApplication.debug.xcconfig"; path = "Pods/Target Support Files/Pods-AntMediaReferenceApplication/Pods-AntMediaReferenceApplication.debug.xcconfig"; sourceTree = "<group>"; };
		7819AA5F20DA2CFD007D6292 /* AntMediaSDK.framework */ = {isa = PBXFileReference; lastKnownFileType = wrapper.framework; path = AntMediaSDK.framework; sourceTree = "<group>"; };
		7819AA6020DA2CFD007D6292 /* WebRTC.framework */ = {isa = PBXFileReference; lastKnownFileType = wrapper.framework; path = WebRTC.framework; sourceTree = "<group>"; };
		7819AA6820DA30FC007D6292 /* VideoToolbox.framework */ = {isa = PBXFileReference; lastKnownFileType = wrapper.framework; name = VideoToolbox.framework; path = System/Library/Frameworks/VideoToolbox.framework; sourceTree = SDKROOT; };
		7819AA6A20DA313A007D6292 /* AudioToolbox.framework */ = {isa = PBXFileReference; lastKnownFileType = wrapper.framework; name = AudioToolbox.framework; path = System/Library/Frameworks/AudioToolbox.framework; sourceTree = SDKROOT; };
		7819AA6C20DA313F007D6292 /* CoreGraphics.framework */ = {isa = PBXFileReference; lastKnownFileType = wrapper.framework; name = CoreGraphics.framework; path = System/Library/Frameworks/CoreGraphics.framework; sourceTree = SDKROOT; };
		7819AA6E20DA3145007D6292 /* CoreImage.framework */ = {isa = PBXFileReference; lastKnownFileType = wrapper.framework; name = CoreImage.framework; path = System/Library/Frameworks/CoreImage.framework; sourceTree = SDKROOT; };
		7819AA7020DA314D007D6292 /* CoreMedia.framework */ = {isa = PBXFileReference; lastKnownFileType = wrapper.framework; name = CoreMedia.framework; path = System/Library/Frameworks/CoreMedia.framework; sourceTree = SDKROOT; };
		7819AA7220DA3158007D6292 /* CoreVideo.framework */ = {isa = PBXFileReference; lastKnownFileType = wrapper.framework; name = CoreVideo.framework; path = System/Library/Frameworks/CoreVideo.framework; sourceTree = SDKROOT; };
		7819AA7420DA315D007D6292 /* GLKit.framework */ = {isa = PBXFileReference; lastKnownFileType = wrapper.framework; name = GLKit.framework; path = System/Library/Frameworks/GLKit.framework; sourceTree = SDKROOT; };
		7819AA7620DA3164007D6292 /* AVFoundation.framework */ = {isa = PBXFileReference; lastKnownFileType = wrapper.framework; name = AVFoundation.framework; path = System/Library/Frameworks/AVFoundation.framework; sourceTree = SDKROOT; };
		7819AA7820DA3169007D6292 /* libicucore.tbd */ = {isa = PBXFileReference; lastKnownFileType = "sourcecode.text-based-dylib-definition"; name = libicucore.tbd; path = usr/lib/libicucore.tbd; sourceTree = SDKROOT; };
		7819AA7A20DA3170007D6292 /* libsqlite3.0.tbd */ = {isa = PBXFileReference; lastKnownFileType = "sourcecode.text-based-dylib-definition"; name = libsqlite3.0.tbd; path = usr/lib/libsqlite3.0.tbd; sourceTree = SDKROOT; };
		7819AA7C20DA3178007D6292 /* libc++.tbd */ = {isa = PBXFileReference; lastKnownFileType = "sourcecode.text-based-dylib-definition"; name = "libc++.tbd"; path = "usr/lib/libc++.tbd"; sourceTree = SDKROOT; };
		78B4B3C920D242660058F57E /* VideoViewController.swift */ = {isa = PBXFileReference; lastKnownFileType = sourcecode.swift; path = VideoViewController.swift; sourceTree = "<group>"; };
		78BCD2CA20D7F646003D2A58 /* Run.swift */ = {isa = PBXFileReference; lastKnownFileType = sourcecode.swift; path = Run.swift; sourceTree = "<group>"; };
		78DC79B420CE63AC0034CAAB /* AntMediaReferenceApplication.app */ = {isa = PBXFileReference; explicitFileType = wrapper.application; includeInIndex = 0; path = AntMediaReferenceApplication.app; sourceTree = BUILT_PRODUCTS_DIR; };
		78DC79B720CE63AC0034CAAB /* AppDelegate.swift */ = {isa = PBXFileReference; lastKnownFileType = sourcecode.swift; path = AppDelegate.swift; sourceTree = "<group>"; };
		78DC79B920CE63AC0034CAAB /* WelcomeViewController.swift */ = {isa = PBXFileReference; lastKnownFileType = sourcecode.swift; path = WelcomeViewController.swift; sourceTree = "<group>"; };
		78DC79BC20CE63AC0034CAAB /* Base */ = {isa = PBXFileReference; lastKnownFileType = file.storyboard; name = Base; path = Base.lproj/Main.storyboard; sourceTree = "<group>"; };
		78DC79BE20CE63AE0034CAAB /* Assets.xcassets */ = {isa = PBXFileReference; lastKnownFileType = folder.assetcatalog; path = Assets.xcassets; sourceTree = "<group>"; };
		78DC79C120CE63AE0034CAAB /* Base */ = {isa = PBXFileReference; lastKnownFileType = file.storyboard; name = Base; path = Base.lproj/LaunchScreen.storyboard; sourceTree = "<group>"; };
		78DC79C320CE63AE0034CAAB /* Info.plist */ = {isa = PBXFileReference; lastKnownFileType = text.plist.xml; path = Info.plist; sourceTree = "<group>"; };
		78DC79CA20CE8C420034CAAB /* AlertHelper.swift */ = {isa = PBXFileReference; lastKnownFileType = sourcecode.swift; path = AlertHelper.swift; sourceTree = "<group>"; };
		78DC79CF20CE8D6B0034CAAB /* UIApplication.swift */ = {isa = PBXFileReference; lastKnownFileType = sourcecode.swift; path = UIApplication.swift; sourceTree = "<group>"; };
		78DC79D120D12C030034CAAB /* SwiftyUserDefaults.swift */ = {isa = PBXFileReference; lastKnownFileType = sourcecode.swift; path = SwiftyUserDefaults.swift; sourceTree = "<group>"; };
		78DC79D320D12DA20034CAAB /* Defaults.swift */ = {isa = PBXFileReference; lastKnownFileType = sourcecode.swift; path = Defaults.swift; sourceTree = "<group>"; };
		9F18D764CE2419C8E0CB31A9 /* Pods-AntMediaReferenceApplication.release.xcconfig */ = {isa = PBXFileReference; includeInIndex = 1; lastKnownFileType = text.xcconfig; name = "Pods-AntMediaReferenceApplication.release.xcconfig"; path = "Pods/Target Support Files/Pods-AntMediaReferenceApplication/Pods-AntMediaReferenceApplication.release.xcconfig"; sourceTree = "<group>"; };
/* End PBXFileReference section */

/* Begin PBXFrameworksBuildPhase section */
		78DC79B120CE63AC0034CAAB /* Frameworks */ = {
			isa = PBXFrameworksBuildPhase;
			buildActionMask = 2147483647;
			files = (
				7819AA7D20DA3178007D6292 /* libc++.tbd in Frameworks */,
				7819AA7B20DA3170007D6292 /* libsqlite3.0.tbd in Frameworks */,
				7819AA7920DA3169007D6292 /* libicucore.tbd in Frameworks */,
				7819AA7720DA3164007D6292 /* AVFoundation.framework in Frameworks */,
				7819AA7520DA315D007D6292 /* GLKit.framework in Frameworks */,
				7819AA7320DA3158007D6292 /* CoreVideo.framework in Frameworks */,
				7819AA7120DA314D007D6292 /* CoreMedia.framework in Frameworks */,
				7819AA6F20DA3145007D6292 /* CoreImage.framework in Frameworks */,
				7819AA6D20DA313F007D6292 /* CoreGraphics.framework in Frameworks */,
				7819AA6B20DA313A007D6292 /* AudioToolbox.framework in Frameworks */,
				7819AA6920DA30FC007D6292 /* VideoToolbox.framework in Frameworks */,
				7819AA6320DA2D07007D6292 /* AntMediaSDK.framework in Frameworks */,
				D9ABC77DB8B7994227ED69E7 /* Pods_AntMediaReferenceApplication.framework in Frameworks */,
				7819AA6520DA2D07007D6292 /* WebRTC.framework in Frameworks */,
			);
			runOnlyForDeploymentPostprocessing = 0;
		};
/* End PBXFrameworksBuildPhase section */

/* Begin PBXGroup section */
		5656254C28A8684D300692C6 /* Frameworks */ = {
			isa = PBXGroup;
			children = (
				7819AA7C20DA3178007D6292 /* libc++.tbd */,
				7819AA7A20DA3170007D6292 /* libsqlite3.0.tbd */,
				7819AA7820DA3169007D6292 /* libicucore.tbd */,
				7819AA7620DA3164007D6292 /* AVFoundation.framework */,
				7819AA7420DA315D007D6292 /* GLKit.framework */,
				7819AA7220DA3158007D6292 /* CoreVideo.framework */,
				7819AA7020DA314D007D6292 /* CoreMedia.framework */,
				7819AA6E20DA3145007D6292 /* CoreImage.framework */,
				7819AA6C20DA313F007D6292 /* CoreGraphics.framework */,
				7819AA6A20DA313A007D6292 /* AudioToolbox.framework */,
				7819AA6820DA30FC007D6292 /* VideoToolbox.framework */,
				7819AA5F20DA2CFD007D6292 /* AntMediaSDK.framework */,
				7819AA6020DA2CFD007D6292 /* WebRTC.framework */,
				49BCC33059E40AD701D0CADB /* Pods_AntMediaReferenceApplication.framework */,
			);
			name = Frameworks;
			sourceTree = "<group>";
		};
		78DC79AB20CE63AC0034CAAB = {
			isa = PBXGroup;
			children = (
				78DC79B620CE63AC0034CAAB /* AntMediaReferenceApplication */,
				5656254C28A8684D300692C6 /* Frameworks */,
				78DC79B520CE63AC0034CAAB /* Products */,
				B8F850D806BEFA4B3B88C62F /* Pods */,
			);
			sourceTree = "<group>";
		};
		78DC79B520CE63AC0034CAAB /* Products */ = {
			isa = PBXGroup;
			children = (
				78DC79B420CE63AC0034CAAB /* AntMediaReferenceApplication.app */,
			);
			name = Products;
			sourceTree = "<group>";
		};
		78DC79B620CE63AC0034CAAB /* AntMediaReferenceApplication */ = {
			isa = PBXGroup;
			children = (
				78DC79B720CE63AC0034CAAB /* AppDelegate.swift */,
				78DC79B920CE63AC0034CAAB /* WelcomeViewController.swift */,
				78B4B3C920D242660058F57E /* VideoViewController.swift */,
				78DC79BB20CE63AC0034CAAB /* Main.storyboard */,
				78DC79BE20CE63AE0034CAAB /* Assets.xcassets */,
				78DC79C020CE63AE0034CAAB /* LaunchScreen.storyboard */,
				78DC79C320CE63AE0034CAAB /* Info.plist */,
				78DC79CD20CE8D590034CAAB /* Util */,
			);
			path = AntMediaReferenceApplication;
			sourceTree = "<group>";
		};
		78DC79C920CE8C350034CAAB /* Helper */ = {
			isa = PBXGroup;
			children = (
				78DC79CA20CE8C420034CAAB /* AlertHelper.swift */,
				78DC79D320D12DA20034CAAB /* Defaults.swift */,
				78DC79D120D12C030034CAAB /* SwiftyUserDefaults.swift */,
				78BCD2CA20D7F646003D2A58 /* Run.swift */,
			);
			path = Helper;
			sourceTree = "<group>";
		};
		78DC79CD20CE8D590034CAAB /* Util */ = {
			isa = PBXGroup;
			children = (
				78DC79CE20CE8D600034CAAB /* Extension */,
				78DC79C920CE8C350034CAAB /* Helper */,
			);
			path = Util;
			sourceTree = "<group>";
		};
		78DC79CE20CE8D600034CAAB /* Extension */ = {
			isa = PBXGroup;
			children = (
				78DC79CF20CE8D6B0034CAAB /* UIApplication.swift */,
			);
			path = Extension;
			sourceTree = "<group>";
		};
		B8F850D806BEFA4B3B88C62F /* Pods */ = {
			isa = PBXGroup;
			children = (
				62EB92D1E19240951AEBD4BA /* Pods-AntMediaReferenceApplication.debug.xcconfig */,
				9F18D764CE2419C8E0CB31A9 /* Pods-AntMediaReferenceApplication.release.xcconfig */,
			);
			name = Pods;
			sourceTree = "<group>";
		};
/* End PBXGroup section */

/* Begin PBXNativeTarget section */
		78DC79B320CE63AC0034CAAB /* AntMediaReferenceApplication */ = {
			isa = PBXNativeTarget;
			buildConfigurationList = 78DC79C620CE63AE0034CAAB /* Build configuration list for PBXNativeTarget "AntMediaReferenceApplication" */;
			buildPhases = (
				5D9016099DDC43D46D018B04 /* [CP] Check Pods Manifest.lock */,
				78DC79B020CE63AC0034CAAB /* Sources */,
				78DC79B120CE63AC0034CAAB /* Frameworks */,
				78DC79B220CE63AC0034CAAB /* Resources */,
				7819AA6720DA2D07007D6292 /* Embed Frameworks */,
				15BB2186EE7E235CFCDC9526 /* [CP] Embed Pods Frameworks */,
			);
			buildRules = (
			);
			dependencies = (
			);
			name = AntMediaReferenceApplication;
			productName = AntMediaReferenceApplication;
			productReference = 78DC79B420CE63AC0034CAAB /* AntMediaReferenceApplication.app */;
			productType = "com.apple.product-type.application";
		};
/* End PBXNativeTarget section */

/* Begin PBXProject section */
		78DC79AC20CE63AC0034CAAB /* Project object */ = {
			isa = PBXProject;
			attributes = {
				LastSwiftUpdateCheck = 0930;
				LastUpgradeCheck = 0930;
				ORGANIZATIONNAME = AntMedia;
				TargetAttributes = {
					78DC79B320CE63AC0034CAAB = {
						CreatedOnToolsVersion = 9.3.1;
					};
				};
			};
			buildConfigurationList = 78DC79AF20CE63AC0034CAAB /* Build configuration list for PBXProject "AntMediaReferenceApplication" */;
			compatibilityVersion = "Xcode 9.3";
			developmentRegion = en;
			hasScannedForEncodings = 0;
			knownRegions = (
				en,
				Base,
			);
			mainGroup = 78DC79AB20CE63AC0034CAAB;
			productRefGroup = 78DC79B520CE63AC0034CAAB /* Products */;
			projectDirPath = "";
			projectRoot = "";
			targets = (
				78DC79B320CE63AC0034CAAB /* AntMediaReferenceApplication */,
			);
		};
/* End PBXProject section */

/* Begin PBXResourcesBuildPhase section */
		78DC79B220CE63AC0034CAAB /* Resources */ = {
			isa = PBXResourcesBuildPhase;
			buildActionMask = 2147483647;
			files = (
				78DC79C220CE63AE0034CAAB /* LaunchScreen.storyboard in Resources */,
				78DC79BF20CE63AE0034CAAB /* Assets.xcassets in Resources */,
				78DC79BD20CE63AC0034CAAB /* Main.storyboard in Resources */,
			);
			runOnlyForDeploymentPostprocessing = 0;
		};
/* End PBXResourcesBuildPhase section */

/* Begin PBXShellScriptBuildPhase section */
		15BB2186EE7E235CFCDC9526 /* [CP] Embed Pods Frameworks */ = {
			isa = PBXShellScriptBuildPhase;
			buildActionMask = 2147483647;
			files = (
			);
			inputPaths = (
				"${SRCROOT}/Pods/Target Support Files/Pods-AntMediaReferenceApplication/Pods-AntMediaReferenceApplication-frameworks.sh",
				"${BUILT_PRODUCTS_DIR}/Starscream/Starscream.framework",
			);
			name = "[CP] Embed Pods Frameworks";
			outputPaths = (
				"${TARGET_BUILD_DIR}/${FRAMEWORKS_FOLDER_PATH}/Starscream.framework",
			);
			runOnlyForDeploymentPostprocessing = 0;
			shellPath = /bin/sh;
			shellScript = "\"${SRCROOT}/Pods/Target Support Files/Pods-AntMediaReferenceApplication/Pods-AntMediaReferenceApplication-frameworks.sh\"\n";
			showEnvVarsInLog = 0;
		};
		5D9016099DDC43D46D018B04 /* [CP] Check Pods Manifest.lock */ = {
			isa = PBXShellScriptBuildPhase;
			buildActionMask = 2147483647;
			files = (
			);
			inputPaths = (
				"${PODS_PODFILE_DIR_PATH}/Podfile.lock",
				"${PODS_ROOT}/Manifest.lock",
			);
			name = "[CP] Check Pods Manifest.lock";
			outputPaths = (
				"$(DERIVED_FILE_DIR)/Pods-AntMediaReferenceApplication-checkManifestLockResult.txt",
			);
			runOnlyForDeploymentPostprocessing = 0;
			shellPath = /bin/sh;
			shellScript = "diff \"${PODS_PODFILE_DIR_PATH}/Podfile.lock\" \"${PODS_ROOT}/Manifest.lock\" > /dev/null\nif [ $? != 0 ] ; then\n    # print error to STDERR\n    echo \"error: The sandbox is not in sync with the Podfile.lock. Run 'pod install' or update your CocoaPods installation.\" >&2\n    exit 1\nfi\n# This output is used by Xcode 'outputs' to avoid re-running this script phase.\necho \"SUCCESS\" > \"${SCRIPT_OUTPUT_FILE_0}\"\n";
			showEnvVarsInLog = 0;
		};
/* End PBXShellScriptBuildPhase section */

/* Begin PBXSourcesBuildPhase section */
		78DC79B020CE63AC0034CAAB /* Sources */ = {
			isa = PBXSourcesBuildPhase;
			buildActionMask = 2147483647;
			files = (
				78DC79D020CE8D6B0034CAAB /* UIApplication.swift in Sources */,
				78BCD2CB20D7F646003D2A58 /* Run.swift in Sources */,
				78B4B3CA20D242660058F57E /* VideoViewController.swift in Sources */,
				78DC79CB20CE8C420034CAAB /* AlertHelper.swift in Sources */,
				78DC79BA20CE63AC0034CAAB /* WelcomeViewController.swift in Sources */,
				78DC79D420D12DA20034CAAB /* Defaults.swift in Sources */,
				78DC79B820CE63AC0034CAAB /* AppDelegate.swift in Sources */,
				78DC79D220D12C030034CAAB /* SwiftyUserDefaults.swift in Sources */,
			);
			runOnlyForDeploymentPostprocessing = 0;
		};
/* End PBXSourcesBuildPhase section */

/* Begin PBXVariantGroup section */
		78DC79BB20CE63AC0034CAAB /* Main.storyboard */ = {
			isa = PBXVariantGroup;
			children = (
				78DC79BC20CE63AC0034CAAB /* Base */,
			);
			name = Main.storyboard;
			sourceTree = "<group>";
		};
		78DC79C020CE63AE0034CAAB /* LaunchScreen.storyboard */ = {
			isa = PBXVariantGroup;
			children = (
				78DC79C120CE63AE0034CAAB /* Base */,
			);
			name = LaunchScreen.storyboard;
			sourceTree = "<group>";
		};
/* End PBXVariantGroup section */

/* Begin XCBuildConfiguration section */
		78DC79C420CE63AE0034CAAB /* Debug */ = {
			isa = XCBuildConfiguration;
			buildSettings = {
				ALWAYS_SEARCH_USER_PATHS = NO;
				CLANG_ANALYZER_NONNULL = YES;
				CLANG_ANALYZER_NUMBER_OBJECT_CONVERSION = YES_AGGRESSIVE;
				CLANG_CXX_LANGUAGE_STANDARD = "gnu++14";
				CLANG_CXX_LIBRARY = "libc++";
				CLANG_ENABLE_MODULES = YES;
				CLANG_ENABLE_OBJC_ARC = YES;
				CLANG_ENABLE_OBJC_WEAK = YES;
				CLANG_WARN_BLOCK_CAPTURE_AUTORELEASING = YES;
				CLANG_WARN_BOOL_CONVERSION = YES;
				CLANG_WARN_COMMA = YES;
				CLANG_WARN_CONSTANT_CONVERSION = YES;
				CLANG_WARN_DEPRECATED_OBJC_IMPLEMENTATIONS = YES;
				CLANG_WARN_DIRECT_OBJC_ISA_USAGE = YES_ERROR;
				CLANG_WARN_DOCUMENTATION_COMMENTS = YES;
				CLANG_WARN_EMPTY_BODY = YES;
				CLANG_WARN_ENUM_CONVERSION = YES;
				CLANG_WARN_INFINITE_RECURSION = YES;
				CLANG_WARN_INT_CONVERSION = YES;
				CLANG_WARN_NON_LITERAL_NULL_CONVERSION = YES;
				CLANG_WARN_OBJC_IMPLICIT_RETAIN_SELF = YES;
				CLANG_WARN_OBJC_LITERAL_CONVERSION = YES;
				CLANG_WARN_OBJC_ROOT_CLASS = YES_ERROR;
				CLANG_WARN_RANGE_LOOP_ANALYSIS = YES;
				CLANG_WARN_STRICT_PROTOTYPES = YES;
				CLANG_WARN_SUSPICIOUS_MOVE = YES;
				CLANG_WARN_UNGUARDED_AVAILABILITY = YES_AGGRESSIVE;
				CLANG_WARN_UNREACHABLE_CODE = YES;
				CLANG_WARN__DUPLICATE_METHOD_MATCH = YES;
				CODE_SIGN_IDENTITY = "iPhone Developer";
				COPY_PHASE_STRIP = NO;
				DEBUG_INFORMATION_FORMAT = dwarf;
				ENABLE_STRICT_OBJC_MSGSEND = YES;
				ENABLE_TESTABILITY = YES;
				GCC_C_LANGUAGE_STANDARD = gnu11;
				GCC_DYNAMIC_NO_PIC = NO;
				GCC_NO_COMMON_BLOCKS = YES;
				GCC_OPTIMIZATION_LEVEL = 0;
				GCC_PREPROCESSOR_DEFINITIONS = (
					"DEBUG=1",
					"$(inherited)",
				);
				GCC_WARN_64_TO_32_BIT_CONVERSION = YES;
				GCC_WARN_ABOUT_RETURN_TYPE = YES_ERROR;
				GCC_WARN_UNDECLARED_SELECTOR = YES;
				GCC_WARN_UNINITIALIZED_AUTOS = YES_AGGRESSIVE;
				GCC_WARN_UNUSED_FUNCTION = YES;
				GCC_WARN_UNUSED_VARIABLE = YES;
				IPHONEOS_DEPLOYMENT_TARGET = 11.3;
				MTL_ENABLE_DEBUG_INFO = YES;
				ONLY_ACTIVE_ARCH = YES;
				SDKROOT = iphoneos;
				SWIFT_ACTIVE_COMPILATION_CONDITIONS = DEBUG;
				SWIFT_OPTIMIZATION_LEVEL = "-Onone";
			};
			name = Debug;
		};
		78DC79C520CE63AE0034CAAB /* Release */ = {
			isa = XCBuildConfiguration;
			buildSettings = {
				ALWAYS_SEARCH_USER_PATHS = NO;
				CLANG_ANALYZER_NONNULL = YES;
				CLANG_ANALYZER_NUMBER_OBJECT_CONVERSION = YES_AGGRESSIVE;
				CLANG_CXX_LANGUAGE_STANDARD = "gnu++14";
				CLANG_CXX_LIBRARY = "libc++";
				CLANG_ENABLE_MODULES = YES;
				CLANG_ENABLE_OBJC_ARC = YES;
				CLANG_ENABLE_OBJC_WEAK = YES;
				CLANG_WARN_BLOCK_CAPTURE_AUTORELEASING = YES;
				CLANG_WARN_BOOL_CONVERSION = YES;
				CLANG_WARN_COMMA = YES;
				CLANG_WARN_CONSTANT_CONVERSION = YES;
				CLANG_WARN_DEPRECATED_OBJC_IMPLEMENTATIONS = YES;
				CLANG_WARN_DIRECT_OBJC_ISA_USAGE = YES_ERROR;
				CLANG_WARN_DOCUMENTATION_COMMENTS = YES;
				CLANG_WARN_EMPTY_BODY = YES;
				CLANG_WARN_ENUM_CONVERSION = YES;
				CLANG_WARN_INFINITE_RECURSION = YES;
				CLANG_WARN_INT_CONVERSION = YES;
				CLANG_WARN_NON_LITERAL_NULL_CONVERSION = YES;
				CLANG_WARN_OBJC_IMPLICIT_RETAIN_SELF = YES;
				CLANG_WARN_OBJC_LITERAL_CONVERSION = YES;
				CLANG_WARN_OBJC_ROOT_CLASS = YES_ERROR;
				CLANG_WARN_RANGE_LOOP_ANALYSIS = YES;
				CLANG_WARN_STRICT_PROTOTYPES = YES;
				CLANG_WARN_SUSPICIOUS_MOVE = YES;
				CLANG_WARN_UNGUARDED_AVAILABILITY = YES_AGGRESSIVE;
				CLANG_WARN_UNREACHABLE_CODE = YES;
				CLANG_WARN__DUPLICATE_METHOD_MATCH = YES;
				CODE_SIGN_IDENTITY = "iPhone Developer";
				COPY_PHASE_STRIP = NO;
				DEBUG_INFORMATION_FORMAT = "dwarf-with-dsym";
				ENABLE_NS_ASSERTIONS = NO;
				ENABLE_STRICT_OBJC_MSGSEND = YES;
				GCC_C_LANGUAGE_STANDARD = gnu11;
				GCC_NO_COMMON_BLOCKS = YES;
				GCC_WARN_64_TO_32_BIT_CONVERSION = YES;
				GCC_WARN_ABOUT_RETURN_TYPE = YES_ERROR;
				GCC_WARN_UNDECLARED_SELECTOR = YES;
				GCC_WARN_UNINITIALIZED_AUTOS = YES_AGGRESSIVE;
				GCC_WARN_UNUSED_FUNCTION = YES;
				GCC_WARN_UNUSED_VARIABLE = YES;
				IPHONEOS_DEPLOYMENT_TARGET = 11.3;
				MTL_ENABLE_DEBUG_INFO = NO;
				SDKROOT = iphoneos;
				SWIFT_COMPILATION_MODE = wholemodule;
				SWIFT_OPTIMIZATION_LEVEL = "-O";
				VALIDATE_PRODUCT = YES;
			};
			name = Release;
		};
		78DC79C720CE63AE0034CAAB /* Debug */ = {
			isa = XCBuildConfiguration;
			baseConfigurationReference = 62EB92D1E19240951AEBD4BA /* Pods-AntMediaReferenceApplication.debug.xcconfig */;
			buildSettings = {
				ASSETCATALOG_COMPILER_APPICON_NAME = AppIcon;
				CODE_SIGN_IDENTITY = "iPhone Developer";
				CODE_SIGN_STYLE = Automatic;
				DEVELOPMENT_TEAM = 8Y7GY83577;
				ENABLE_BITCODE = NO;
				FRAMEWORK_SEARCH_PATHS = (
					"$(inherited)",
					"$(PROJECT_DIR)",
				);
				INFOPLIST_FILE = AntMediaReferenceApplication/Info.plist;
				IPHONEOS_DEPLOYMENT_TARGET = 10.0;
				LD_RUNPATH_SEARCH_PATHS = (
					"$(inherited)",
					"@executable_path/Frameworks",
				);
				PRODUCT_BUNDLE_IDENTIFIER = com.antmedia.ios.ref;
				PRODUCT_NAME = "$(TARGET_NAME)";
				PROVISIONING_PROFILE_SPECIFIER = "";
				SWIFT_VERSION = 4.0;
				TARGETED_DEVICE_FAMILY = "1,2";
				VALID_ARCHS = "arm64 armv7s armv7";
			};
			name = Debug;
		};
		78DC79C820CE63AE0034CAAB /* Release */ = {
			isa = XCBuildConfiguration;
			baseConfigurationReference = 9F18D764CE2419C8E0CB31A9 /* Pods-AntMediaReferenceApplication.release.xcconfig */;
			buildSettings = {
				ASSETCATALOG_COMPILER_APPICON_NAME = AppIcon;
				CODE_SIGN_IDENTITY = "iPhone Developer";
				CODE_SIGN_STYLE = Automatic;
				DEVELOPMENT_TEAM = 8Y7GY83577;
				ENABLE_BITCODE = NO;
				FRAMEWORK_SEARCH_PATHS = (
					"$(inherited)",
					"$(PROJECT_DIR)",
				);
				INFOPLIST_FILE = AntMediaReferenceApplication/Info.plist;
				IPHONEOS_DEPLOYMENT_TARGET = 10.0;
				LD_RUNPATH_SEARCH_PATHS = (
					"$(inherited)",
					"@executable_path/Frameworks",
				);
				PRODUCT_BUNDLE_IDENTIFIER = com.antmedia.ios.ref;
				PRODUCT_NAME = "$(TARGET_NAME)";
				PROVISIONING_PROFILE_SPECIFIER = "";
				SWIFT_VERSION = 4.0;
				TARGETED_DEVICE_FAMILY = "1,2";
				VALID_ARCHS = "arm64 armv7s armv7";
			};
			name = Release;
		};
/* End XCBuildConfiguration section */

/* Begin XCConfigurationList section */
		78DC79AF20CE63AC0034CAAB /* Build configuration list for PBXProject "AntMediaReferenceApplication" */ = {
			isa = XCConfigurationList;
			buildConfigurations = (
				78DC79C420CE63AE0034CAAB /* Debug */,
				78DC79C520CE63AE0034CAAB /* Release */,
			);
			defaultConfigurationIsVisible = 0;
			defaultConfigurationName = Release;
		};
		78DC79C620CE63AE0034CAAB /* Build configuration list for PBXNativeTarget "AntMediaReferenceApplication" */ = {
			isa = XCConfigurationList;
			buildConfigurations = (
				78DC79C720CE63AE0034CAAB /* Debug */,
				78DC79C820CE63AE0034CAAB /* Release */,
			);
			defaultConfigurationIsVisible = 0;
			defaultConfigurationName = Release;
		};
/* End XCConfigurationList section */
	};
	rootObject = 78DC79AC20CE63AC0034CAAB /* Project object */;
}
